// !$*UTF8*$!
{
	archiveVersion = 1;
	classes = {
	};
	objectVersion = 50;
	objects = {

/* Begin PBXBuildFile section */
		5880DE3B2317F7AF001EE850 /* AppDelegate.swift in Sources */ = {isa = PBXBuildFile; fileRef = 5880DE3A2317F7AF001EE850 /* AppDelegate.swift */; };
		5880DE3D2317F7AF001EE850 /* SceneDelegate.swift in Sources */ = {isa = PBXBuildFile; fileRef = 5880DE3C2317F7AF001EE850 /* SceneDelegate.swift */; };
		5880DE3F2317F7AF001EE850 /* ContentView.swift in Sources */ = {isa = PBXBuildFile; fileRef = 5880DE3E2317F7AF001EE850 /* ContentView.swift */; };
		5880DE412317F7B1001EE850 /* Assets.xcassets in Resources */ = {isa = PBXBuildFile; fileRef = 5880DE402317F7B1001EE850 /* Assets.xcassets */; };
		5880DE442317F7B1001EE850 /* Preview Assets.xcassets in Resources */ = {isa = PBXBuildFile; fileRef = 5880DE432317F7B1001EE850 /* Preview Assets.xcassets */; };
		5880DE472317F7B1001EE850 /* LaunchScreen.storyboard in Resources */ = {isa = PBXBuildFile; fileRef = 5880DE452317F7B1001EE850 /* LaunchScreen.storyboard */; };
		5880DE4F2317F7E7001EE850 /* MainWeatherParams.swift in Sources */ = {isa = PBXBuildFile; fileRef = 5880DE4E2317F7E7001EE850 /* MainWeatherParams.swift */; };
		5880DE522317FF16001EE850 /* Services.swift in Sources */ = {isa = PBXBuildFile; fileRef = 5880DE512317FF16001EE850 /* Services.swift */; };
		5880DE5523180F1F001EE850 /* ViewModel.swift in Sources */ = {isa = PBXBuildFile; fileRef = 5880DE5423180F1F001EE850 /* ViewModel.swift */; };
/* End PBXBuildFile section */

/* Begin PBXFileReference section */
		5880DE372317F7AF001EE850 /* Weather.app */ = {isa = PBXFileReference; explicitFileType = wrapper.application; includeInIndex = 0; path = Weather.app; sourceTree = BUILT_PRODUCTS_DIR; };
		5880DE3A2317F7AF001EE850 /* AppDelegate.swift */ = {isa = PBXFileReference; lastKnownFileType = sourcecode.swift; path = AppDelegate.swift; sourceTree = "<group>"; };
		5880DE3C2317F7AF001EE850 /* SceneDelegate.swift */ = {isa = PBXFileReference; lastKnownFileType = sourcecode.swift; path = SceneDelegate.swift; sourceTree = "<group>"; };
		5880DE3E2317F7AF001EE850 /* ContentView.swift */ = {isa = PBXFileReference; lastKnownFileType = sourcecode.swift; path = ContentView.swift; sourceTree = "<group>"; };
		5880DE402317F7B1001EE850 /* Assets.xcassets */ = {isa = PBXFileReference; lastKnownFileType = folder.assetcatalog; path = Assets.xcassets; sourceTree = "<group>"; };
		5880DE432317F7B1001EE850 /* Preview Assets.xcassets */ = {isa = PBXFileReference; lastKnownFileType = folder.assetcatalog; path = "Preview Assets.xcassets"; sourceTree = "<group>"; };
		5880DE462317F7B1001EE850 /* Base */ = {isa = PBXFileReference; lastKnownFileType = file.storyboard; name = Base; path = Base.lproj/LaunchScreen.storyboard; sourceTree = "<group>"; };
		5880DE482317F7B1001EE850 /* Info.plist */ = {isa = PBXFileReference; lastKnownFileType = text.plist.xml; path = Info.plist; sourceTree = "<group>"; };
		5880DE4E2317F7E7001EE850 /* MainWeatherParams.swift */ = {isa = PBXFileReference; lastKnownFileType = sourcecode.swift; path = MainWeatherParams.swift; sourceTree = "<group>"; };
		5880DE512317FF16001EE850 /* Services.swift */ = {isa = PBXFileReference; lastKnownFileType = sourcecode.swift; path = Services.swift; sourceTree = "<group>"; };
		5880DE5423180F1F001EE850 /* ViewModel.swift */ = {isa = PBXFileReference; lastKnownFileType = sourcecode.swift; path = ViewModel.swift; sourceTree = "<group>"; };
/* End PBXFileReference section */

/* Begin PBXFrameworksBuildPhase section */
		5880DE342317F7AF001EE850 /* Frameworks */ = {
			isa = PBXFrameworksBuildPhase;
			buildActionMask = 2147483647;
			files = (
			);
			runOnlyForDeploymentPostprocessing = 0;
		};
/* End PBXFrameworksBuildPhase section */

/* Begin PBXGroup section */
		5880DE2E2317F7AF001EE850 = {
			isa = PBXGroup;
			children = (
				5880DE5623182717001EE850 /* View Model */,
				5880DE5323180477001EE850 /* Services */,
				5880DE502317FEE4001EE850 /* Data Model */,
				5880DE4E2317F7E7001EE850 /* MainWeatherParams.swift */,
				5880DE392317F7AF001EE850 /* Weather */,
				5880DE382317F7AF001EE850 /* Products */,
			);
			sourceTree = "<group>";
		};
		5880DE382317F7AF001EE850 /* Products */ = {
			isa = PBXGroup;
			children = (
				5880DE372317F7AF001EE850 /* Weather.app */,
			);
			name = Products;
			sourceTree = "<group>";
		};
		5880DE392317F7AF001EE850 /* Weather */ = {
			isa = PBXGroup;
			children = (
				5880DE3E2317F7AF001EE850 /* ContentView.swift */,
				5880DE402317F7B1001EE850 /* Assets.xcassets */,
				5880DE3A2317F7AF001EE850 /* AppDelegate.swift */,
				5880DE3C2317F7AF001EE850 /* SceneDelegate.swift */,
				5880DE452317F7B1001EE850 /* LaunchScreen.storyboard */,
				5880DE482317F7B1001EE850 /* Info.plist */,
				5880DE422317F7B1001EE850 /* Preview Content */,
			);
			path = Weather;
			sourceTree = "<group>";
		};
		5880DE422317F7B1001EE850 /* Preview Content */ = {
			isa = PBXGroup;
			children = (
				5880DE432317F7B1001EE850 /* Preview Assets.xcassets */,
			);
			path = "Preview Content";
			sourceTree = "<group>";
		};
		5880DE502317FEE4001EE850 /* Data Model */ = {
			isa = PBXGroup;
			children = (
			);
			path = "Data Model";
			sourceTree = "<group>";
		};
		5880DE5323180477001EE850 /* Services */ = {
			isa = PBXGroup;
			children = (
				5880DE512317FF16001EE850 /* Services.swift */,
			);
			path = Services;
			sourceTree = "<group>";
		};
		5880DE5623182717001EE850 /* View Model */ = {
			isa = PBXGroup;
			children = (
				5880DE5423180F1F001EE850 /* ViewModel.swift */,
			);
			path = "View Model";
			sourceTree = "<group>";
		};
/* End PBXGroup section */

/* Begin PBXNativeTarget section */
		5880DE362317F7AF001EE850 /* Weather */ = {
			isa = PBXNativeTarget;
			buildConfigurationList = 5880DE4B2317F7B1001EE850 /* Build configuration list for PBXNativeTarget "Weather" */;
			buildPhases = (
				5880DE332317F7AF001EE850 /* Sources */,
				5880DE342317F7AF001EE850 /* Frameworks */,
				5880DE352317F7AF001EE850 /* Resources */,
			);
			buildRules = (
			);
			dependencies = (
			);
			name = Weather;
			productName = Weather;
			productReference = 5880DE372317F7AF001EE850 /* Weather.app */;
			productType = "com.apple.product-type.application";
		};
/* End PBXNativeTarget section */

/* Begin PBXProject section */
		5880DE2F2317F7AF001EE850 /* Project object */ = {
			isa = PBXProject;
			attributes = {
				LastSwiftUpdateCheck = 1100;
				LastUpgradeCheck = 1100;
				ORGANIZATIONNAME = "Stephen DeStefano";
				TargetAttributes = {
					5880DE362317F7AF001EE850 = {
						CreatedOnToolsVersion = 11.0;
					};
				};
			};
			buildConfigurationList = 5880DE322317F7AF001EE850 /* Build configuration list for PBXProject "Weather" */;
			compatibilityVersion = "Xcode 9.3";
			developmentRegion = en;
			hasScannedForEncodings = 0;
			knownRegions = (
				en,
				Base,
			);
			mainGroup = 5880DE2E2317F7AF001EE850;
			productRefGroup = 5880DE382317F7AF001EE850 /* Products */;
			projectDirPath = "";
			projectRoot = "";
			targets = (
				5880DE362317F7AF001EE850 /* Weather */,
			);
		};
/* End PBXProject section */

/* Begin PBXResourcesBuildPhase section */
		5880DE352317F7AF001EE850 /* Resources */ = {
			isa = PBXResourcesBuildPhase;
			buildActionMask = 2147483647;
			files = (
				5880DE472317F7B1001EE850 /* LaunchScreen.storyboard in Resources */,
				5880DE442317F7B1001EE850 /* Preview Assets.xcassets in Resources */,
				5880DE412317F7B1001EE850 /* Assets.xcassets in Resources */,
			);
			runOnlyForDeploymentPostprocessing = 0;
		};
/* End PBXResourcesBuildPhase section */

/* Begin PBXSourcesBuildPhase section */
		5880DE332317F7AF001EE850 /* Sources */ = {
			isa = PBXSourcesBuildPhase;
			buildActionMask = 2147483647;
			files = (
				5880DE522317FF16001EE850 /* Services.swift in Sources */,
				5880DE3B2317F7AF001EE850 /* AppDelegate.swift in Sources */,
				5880DE3D2317F7AF001EE850 /* SceneDelegate.swift in Sources */,
				5880DE3F2317F7AF001EE850 /* ContentView.swift in Sources */,
				5880DE5523180F1F001EE850 /* ViewModel.swift in Sources */,
				5880DE4F2317F7E7001EE850 /* MainWeatherParams.swift in Sources */,
			);
			runOnlyForDeploymentPostprocessing = 0;
		};
/* End PBXSourcesBuildPhase section */

/* Begin PBXVariantGroup section */
		5880DE452317F7B1001EE850 /* LaunchScreen.storyboard */ = {
			isa = PBXVariantGroup;
			children = (
				5880DE462317F7B1001EE850 /* Base */,
			);
			name = LaunchScreen.storyboard;
			sourceTree = "<group>";
		};
/* End PBXVariantGroup section */

/* Begin XCBuildConfiguration section */
		5880DE492317F7B1001EE850 /* Debug */ = {
			isa = XCBuildConfiguration;
			buildSettings = {
				ALWAYS_SEARCH_USER_PATHS = NO;
				CLANG_ANALYZER_NONNULL = YES;
				CLANG_ANALYZER_NUMBER_OBJECT_CONVERSION = YES_AGGRESSIVE;
				CLANG_CXX_LANGUAGE_STANDARD = "gnu++14";
				CLANG_CXX_LIBRARY = "libc++";
				CLANG_ENABLE_MODULES = YES;
				CLANG_ENABLE_OBJC_ARC = YES;
				CLANG_ENABLE_OBJC_WEAK = YES;
				CLANG_WARN_BLOCK_CAPTURE_AUTORELEASING = YES;
				CLANG_WARN_BOOL_CONVERSION = YES;
				CLANG_WARN_COMMA = YES;
				CLANG_WARN_CONSTANT_CONVERSION = YES;
				CLANG_WARN_DEPRECATED_OBJC_IMPLEMENTATIONS = YES;
				CLANG_WARN_DIRECT_OBJC_ISA_USAGE = YES_ERROR;
				CLANG_WARN_DOCUMENTATION_COMMENTS = YES;
				CLANG_WARN_EMPTY_BODY = YES;
				CLANG_WARN_ENUM_CONVERSION = YES;
				CLANG_WARN_INFINITE_RECURSION = YES;
				CLANG_WARN_INT_CONVERSION = YES;
				CLANG_WARN_NON_LITERAL_NULL_CONVERSION = YES;
				CLANG_WARN_OBJC_IMPLICIT_RETAIN_SELF = YES;
				CLANG_WARN_OBJC_LITERAL_CONVERSION = YES;
				CLANG_WARN_OBJC_ROOT_CLASS = YES_ERROR;
				CLANG_WARN_RANGE_LOOP_ANALYSIS = YES;
				CLANG_WARN_STRICT_PROTOTYPES = YES;
				CLANG_WARN_SUSPICIOUS_MOVE = YES;
				CLANG_WARN_UNGUARDED_AVAILABILITY = YES_AGGRESSIVE;
				CLANG_WARN_UNREACHABLE_CODE = YES;
				CLANG_WARN__DUPLICATE_METHOD_MATCH = YES;
				COPY_PHASE_STRIP = NO;
				DEBUG_INFORMATION_FORMAT = dwarf;
				ENABLE_STRICT_OBJC_MSGSEND = YES;
				ENABLE_TESTABILITY = YES;
				GCC_C_LANGUAGE_STANDARD = gnu11;
				GCC_DYNAMIC_NO_PIC = NO;
				GCC_NO_COMMON_BLOCKS = YES;
				GCC_OPTIMIZATION_LEVEL = 0;
				GCC_PREPROCESSOR_DEFINITIONS = (
					"DEBUG=1",
					"$(inherited)",
				);
				GCC_WARN_64_TO_32_BIT_CONVERSION = YES;
				GCC_WARN_ABOUT_RETURN_TYPE = YES_ERROR;
				GCC_WARN_UNDECLARED_SELECTOR = YES;
				GCC_WARN_UNINITIALIZED_AUTOS = YES_AGGRESSIVE;
				GCC_WARN_UNUSED_FUNCTION = YES;
				GCC_WARN_UNUSED_VARIABLE = YES;
				IPHONEOS_DEPLOYMENT_TARGET = 13.0;
				MTL_ENABLE_DEBUG_INFO = INCLUDE_SOURCE;
				MTL_FAST_MATH = YES;
				ONLY_ACTIVE_ARCH = YES;
				SDKROOT = iphoneos;
				SWIFT_ACTIVE_COMPILATION_CONDITIONS = DEBUG;
				SWIFT_OPTIMIZATION_LEVEL = "-Onone";
			};
			name = Debug;
		};
		5880DE4A2317F7B1001EE850 /* Release */ = {
			isa = XCBuildConfiguration;
			buildSettings = {
				ALWAYS_SEARCH_USER_PATHS = NO;
				CLANG_ANALYZER_NONNULL = YES;
				CLANG_ANALYZER_NUMBER_OBJECT_CONVERSION = YES_AGGRESSIVE;
				CLANG_CXX_LANGUAGE_STANDARD = "gnu++14";
				CLANG_CXX_LIBRARY = "libc++";
				CLANG_ENABLE_MODULES = YES;
				CLANG_ENABLE_OBJC_ARC = YES;
				CLANG_ENABLE_OBJC_WEAK = YES;
				CLANG_WARN_BLOCK_CAPTURE_AUTORELEASING = YES;
				CLANG_WARN_BOOL_CONVERSION = YES;
				CLANG_WARN_COMMA = YES;
				CLANG_WARN_CONSTANT_CONVERSION = YES;
				CLANG_WARN_DEPRECATED_OBJC_IMPLEMENTATIONS = YES;
				CLANG_WARN_DIRECT_OBJC_ISA_USAGE = YES_ERROR;
				CLANG_WARN_DOCUMENTATION_COMMENTS = YES;
				CLANG_WARN_EMPTY_BODY = YES;
				CLANG_WARN_ENUM_CONVERSION = YES;
				CLANG_WARN_INFINITE_RECURSION = YES;
				CLANG_WARN_INT_CONVERSION = YES;
				CLANG_WARN_NON_LITERAL_NULL_CONVERSION = YES;
				CLANG_WARN_OBJC_IMPLICIT_RETAIN_SELF = YES;
				CLANG_WARN_OBJC_LITERAL_CONVERSION = YES;
				CLANG_WARN_OBJC_ROOT_CLASS = YES_ERROR;
				CLANG_WARN_RANGE_LOOP_ANALYSIS = YES;
				CLANG_WARN_STRICT_PROTOTYPES = YES;
				CLANG_WARN_SUSPICIOUS_MOVE = YES;
				CLANG_WARN_UNGUARDED_AVAILABILITY = YES_AGGRESSIVE;
				CLANG_WARN_UNREACHABLE_CODE = YES;
				CLANG_WARN__DUPLICATE_METHOD_MATCH = YES;
				COPY_PHASE_STRIP = NO;
				DEBUG_INFORMATION_FORMAT = "dwarf-with-dsym";
				ENABLE_NS_ASSERTIONS = NO;
				ENABLE_STRICT_OBJC_MSGSEND = YES;
				GCC_C_LANGUAGE_STANDARD = gnu11;
				GCC_NO_COMMON_BLOCKS = YES;
				GCC_WARN_64_TO_32_BIT_CONVERSION = YES;
				GCC_WARN_ABOUT_RETURN_TYPE = YES_ERROR;
				GCC_WARN_UNDECLARED_SELECTOR = YES;
				GCC_WARN_UNINITIALIZED_AUTOS = YES_AGGRESSIVE;
				GCC_WARN_UNUSED_FUNCTION = YES;
				GCC_WARN_UNUSED_VARIABLE = YES;
				IPHONEOS_DEPLOYMENT_TARGET = 13.0;
				MTL_ENABLE_DEBUG_INFO = NO;
				MTL_FAST_MATH = YES;
				SDKROOT = iphoneos;
				SWIFT_COMPILATION_MODE = wholemodule;
				SWIFT_OPTIMIZATION_LEVEL = "-O";
				VALIDATE_PRODUCT = YES;
			};
			name = Release;
		};
		5880DE4C2317F7B1001EE850 /* Debug */ = {
			isa = XCBuildConfiguration;
			buildSettings = {
				ASSETCATALOG_COMPILER_APPICON_NAME = AppIcon;
				CODE_SIGN_STYLE = Automatic;
				DEVELOPMENT_ASSET_PATHS = "\"Weather/Preview Content\"";
				DEVELOPMENT_TEAM = M4YWUWL5V9;
				ENABLE_PREVIEWS = YES;
				INFOPLIST_FILE = Weather/Info.plist;
				LD_RUNPATH_SEARCH_PATHS = (
					"$(inherited)",
					"@executable_path/Frameworks",
				);
				PRODUCT_BUNDLE_IDENTIFIER = "com.SMD-AppTech.Weather";
				PRODUCT_NAME = "$(TARGET_NAME)";
				SWIFT_VERSION = 5.0;
				TARGETED_DEVICE_FAMILY = "1,2";
			};
			name = Debug;
		};
		5880DE4D2317F7B1001EE850 /* Release */ = {
			isa = XCBuildConfiguration;
			buildSettings = {
				ASSETCATALOG_COMPILER_APPICON_NAME = AppIcon;
				CODE_SIGN_STYLE = Automatic;
				DEVELOPMENT_ASSET_PATHS = "\"Weather/Preview Content\"";
				DEVELOPMENT_TEAM = M4YWUWL5V9;
				ENABLE_PREVIEWS = YES;
				INFOPLIST_FILE = Weather/Info.plist;
				LD_RUNPATH_SEARCH_PATHS = (
					"$(inherited)",
					"@executable_path/Frameworks",
				);
				PRODUCT_BUNDLE_IDENTIFIER = "com.SMD-AppTech.Weather";
				PRODUCT_NAME = "$(TARGET_NAME)";
				SWIFT_VERSION = 5.0;
				TARGETED_DEVICE_FAMILY = "1,2";
			};
			name = Release;
		};
/* End XCBuildConfiguration section */

/* Begin XCConfigurationList section */
		5880DE322317F7AF001EE850 /* Build configuration list for PBXProject "Weather" */ = {
			isa = XCConfigurationList;
			buildConfigurations = (
				5880DE492317F7B1001EE850 /* Debug */,
				5880DE4A2317F7B1001EE850 /* Release */,
			);
			defaultConfigurationIsVisible = 0;
			defaultConfigurationName = Release;
		};
		5880DE4B2317F7B1001EE850 /* Build configuration list for PBXNativeTarget "Weather" */ = {
			isa = XCConfigurationList;
			buildConfigurations = (
				5880DE4C2317F7B1001EE850 /* Debug */,
				5880DE4D2317F7B1001EE850 /* Release */,
			);
			defaultConfigurationIsVisible = 0;
			defaultConfigurationName = Release;
		};
/* End XCConfigurationList section */
	};
	rootObject = 5880DE2F2317F7AF001EE850 /* Project object */;
}
