{
  "object": {
    "pins": [
      {
        "package": "ParallaxSwiftUI",
        "repositoryURL": "https://github.com/Priva28/ParallaxSwiftUI.git",
        "state": {
          "branch": null,
          "revision": "b2bde7ec73e2d6f3d960aa14a125bd9f1f7fa605",
          "version": "1.0.5"
        }
      }
    ]
  },
  "version": 1
}
