// !$*UTF8*$!
{
	archiveVersion = 1;
	classes = {
	};
	objectVersion = 50;
	objects = {

/* Begin PBXBuildFile section */
		B38178C225B191D500C51440 /* RespondingToEventsApp.swift in Sources */ = {isa = PBXBuildFile; fileRef = B38178C125B191D500C51440 /* RespondingToEventsApp.swift */; };
		B38178C425B191D500C51440 /* ContentView.swift in Sources */ = {isa = PBXBuildFile; fileRef = B38178C325B191D500C51440 /* ContentView.swift */; };
		B38178C625B191D700C51440 /* Assets.xcassets in Resources */ = {isa = PBXBuildFile; fileRef = B38178C525B191D700C51440 /* Assets.xcassets */; };
		B38178C925B191D700C51440 /* Preview Assets.xcassets in Resources */ = {isa = PBXBuildFile; fileRef = B38178C825B191D700C51440 /* Preview Assets.xcassets */; };
		B38178DC25B191FF00C51440 /* AppearExample.swift in Sources */ = {isa = PBXBuildFile; fileRef = B38178D125B191FF00C51440 /* AppearExample.swift */; };
		B38178DD25B191FF00C51440 /* HoveringExample.swift in Sources */ = {isa = PBXBuildFile; fileRef = B38178D225B191FF00C51440 /* HoveringExample.swift */; };
		B38178DE25B1920000C51440 /* PickerExample.swift in Sources */ = {isa = PBXBuildFile; fileRef = B38178D325B191FF00C51440 /* PickerExample.swift */; };
		B38178DF25B1920000C51440 /* SlideExample.swift in Sources */ = {isa = PBXBuildFile; fileRef = B38178D425B191FF00C51440 /* SlideExample.swift */; };
		B38178E025B1920000C51440 /* ButtonExample.swift in Sources */ = {isa = PBXBuildFile; fileRef = B38178D525B191FF00C51440 /* ButtonExample.swift */; };
		B38178E125B1920000C51440 /* NavigationWithButtonExample.swift in Sources */ = {isa = PBXBuildFile; fileRef = B38178D625B191FF00C51440 /* NavigationWithButtonExample.swift */; };
		B38178E225B1920000C51440 /* HitTestingExample.swift in Sources */ = {isa = PBXBuildFile; fileRef = B38178D725B191FF00C51440 /* HitTestingExample.swift */; };
		B38178E325B1920000C51440 /* StepperExample.swift in Sources */ = {isa = PBXBuildFile; fileRef = B38178D825B191FF00C51440 /* StepperExample.swift */; };
		B38178E425B1920000C51440 /* TapGestureExample.swift in Sources */ = {isa = PBXBuildFile; fileRef = B38178D925B191FF00C51440 /* TapGestureExample.swift */; };
		B38178E525B1920000C51440 /* TextFieldExample.swift in Sources */ = {isa = PBXBuildFile; fileRef = B38178DA25B191FF00C51440 /* TextFieldExample.swift */; };
		B38178E625B1920000C51440 /* ToggleSwitchExample.swift in Sources */ = {isa = PBXBuildFile; fileRef = B38178DB25B191FF00C51440 /* ToggleSwitchExample.swift */; };
/* End PBXBuildFile section */

/* Begin PBXFileReference section */
		B38178BE25B191D500C51440 /* RespondingToEvents.app */ = {isa = PBXFileReference; explicitFileType = wrapper.application; includeInIndex = 0; path = RespondingToEvents.app; sourceTree = BUILT_PRODUCTS_DIR; };
		B38178C125B191D500C51440 /* RespondingToEventsApp.swift */ = {isa = PBXFileReference; lastKnownFileType = sourcecode.swift; path = RespondingToEventsApp.swift; sourceTree = "<group>"; };
		B38178C325B191D500C51440 /* ContentView.swift */ = {isa = PBXFileReference; lastKnownFileType = sourcecode.swift; path = ContentView.swift; sourceTree = "<group>"; };
		B38178C525B191D700C51440 /* Assets.xcassets */ = {isa = PBXFileReference; lastKnownFileType = folder.assetcatalog; path = Assets.xcassets; sourceTree = "<group>"; };
		B38178C825B191D700C51440 /* Preview Assets.xcassets */ = {isa = PBXFileReference; lastKnownFileType = folder.assetcatalog; path = "Preview Assets.xcassets"; sourceTree = "<group>"; };
		B38178CA25B191D700C51440 /* Info.plist */ = {isa = PBXFileReference; lastKnownFileType = text.plist.xml; path = Info.plist; sourceTree = "<group>"; };
		B38178D125B191FF00C51440 /* AppearExample.swift */ = {isa = PBXFileReference; fileEncoding = 4; lastKnownFileType = sourcecode.swift; path = AppearExample.swift; sourceTree = "<group>"; };
		B38178D225B191FF00C51440 /* HoveringExample.swift */ = {isa = PBXFileReference; fileEncoding = 4; lastKnownFileType = sourcecode.swift; path = HoveringExample.swift; sourceTree = "<group>"; };
		B38178D325B191FF00C51440 /* PickerExample.swift */ = {isa = PBXFileReference; fileEncoding = 4; lastKnownFileType = sourcecode.swift; path = PickerExample.swift; sourceTree = "<group>"; };
		B38178D425B191FF00C51440 /* SlideExample.swift */ = {isa = PBXFileReference; fileEncoding = 4; lastKnownFileType = sourcecode.swift; path = SlideExample.swift; sourceTree = "<group>"; };
		B38178D525B191FF00C51440 /* ButtonExample.swift */ = {isa = PBXFileReference; fileEncoding = 4; lastKnownFileType = sourcecode.swift; path = ButtonExample.swift; sourceTree = "<group>"; };
		B38178D625B191FF00C51440 /* NavigationWithButtonExample.swift */ = {isa = PBXFileReference; fileEncoding = 4; lastKnownFileType = sourcecode.swift; path = NavigationWithButtonExample.swift; sourceTree = "<group>"; };
		B38178D725B191FF00C51440 /* HitTestingExample.swift */ = {isa = PBXFileReference; fileEncoding = 4; lastKnownFileType = sourcecode.swift; path = HitTestingExample.swift; sourceTree = "<group>"; };
		B38178D825B191FF00C51440 /* StepperExample.swift */ = {isa = PBXFileReference; fileEncoding = 4; lastKnownFileType = sourcecode.swift; path = StepperExample.swift; sourceTree = "<group>"; };
		B38178D925B191FF00C51440 /* TapGestureExample.swift */ = {isa = PBXFileReference; fileEncoding = 4; lastKnownFileType = sourcecode.swift; path = TapGestureExample.swift; sourceTree = "<group>"; };
		B38178DA25B191FF00C51440 /* TextFieldExample.swift */ = {isa = PBXFileReference; fileEncoding = 4; lastKnownFileType = sourcecode.swift; path = TextFieldExample.swift; sourceTree = "<group>"; };
		B38178DB25B191FF00C51440 /* ToggleSwitchExample.swift */ = {isa = PBXFileReference; fileEncoding = 4; lastKnownFileType = sourcecode.swift; path = ToggleSwitchExample.swift; sourceTree = "<group>"; };
/* End PBXFileReference section */

/* Begin PBXFrameworksBuildPhase section */
		B38178BB25B191D500C51440 /* Frameworks */ = {
			isa = PBXFrameworksBuildPhase;
			buildActionMask = 2147483647;
			files = (
			);
			runOnlyForDeploymentPostprocessing = 0;
		};
/* End PBXFrameworksBuildPhase section */

/* Begin PBXGroup section */
		B38178B525B191D500C51440 = {
			isa = PBXGroup;
			children = (
				B38178C025B191D500C51440 /* RespondingToEvents */,
				B38178BF25B191D500C51440 /* Products */,
			);
			sourceTree = "<group>";
		};
		B38178BF25B191D500C51440 /* Products */ = {
			isa = PBXGroup;
			children = (
				B38178BE25B191D500C51440 /* RespondingToEvents.app */,
			);
			name = Products;
			sourceTree = "<group>";
		};
		B38178C025B191D500C51440 /* RespondingToEvents */ = {
			isa = PBXGroup;
			children = (
				B38178C125B191D500C51440 /* RespondingToEventsApp.swift */,
				B38178C325B191D500C51440 /* ContentView.swift */,
				B38178D125B191FF00C51440 /* AppearExample.swift */,
				B38178D525B191FF00C51440 /* ButtonExample.swift */,
				B38178D725B191FF00C51440 /* HitTestingExample.swift */,
				B38178D225B191FF00C51440 /* HoveringExample.swift */,
				B38178D625B191FF00C51440 /* NavigationWithButtonExample.swift */,
				B38178D325B191FF00C51440 /* PickerExample.swift */,
				B38178D425B191FF00C51440 /* SlideExample.swift */,
				B38178D825B191FF00C51440 /* StepperExample.swift */,
				B38178D925B191FF00C51440 /* TapGestureExample.swift */,
				B38178DA25B191FF00C51440 /* TextFieldExample.swift */,
				B38178DB25B191FF00C51440 /* ToggleSwitchExample.swift */,
				B38178C525B191D700C51440 /* Assets.xcassets */,
				B38178CA25B191D700C51440 /* Info.plist */,
				B38178C725B191D700C51440 /* Preview Content */,
			);
			path = RespondingToEvents;
			sourceTree = "<group>";
		};
		B38178C725B191D700C51440 /* Preview Content */ = {
			isa = PBXGroup;
			children = (
				B38178C825B191D700C51440 /* Preview Assets.xcassets */,
			);
			path = "Preview Content";
			sourceTree = "<group>";
		};
/* End PBXGroup section */

/* Begin PBXNativeTarget section */
		B38178BD25B191D500C51440 /* RespondingToEvents */ = {
			isa = PBXNativeTarget;
			buildConfigurationList = B38178CD25B191D700C51440 /* Build configuration list for PBXNativeTarget "RespondingToEvents" */;
			buildPhases = (
				B38178BA25B191D500C51440 /* Sources */,
				B38178BB25B191D500C51440 /* Frameworks */,
				B38178BC25B191D500C51440 /* Resources */,
			);
			buildRules = (
			);
			dependencies = (
			);
			name = RespondingToEvents;
			productName = RespondingToEvents;
			productReference = B38178BE25B191D500C51440 /* RespondingToEvents.app */;
			productType = "com.apple.product-type.application";
		};
/* End PBXNativeTarget section */

/* Begin PBXProject section */
		B38178B625B191D500C51440 /* Project object */ = {
			isa = PBXProject;
			attributes = {
				LastSwiftUpdateCheck = 1220;
				LastUpgradeCheck = 1220;
				TargetAttributes = {
					B38178BD25B191D500C51440 = {
						CreatedOnToolsVersion = 12.2;
					};
				};
			};
			buildConfigurationList = B38178B925B191D500C51440 /* Build configuration list for PBXProject "RespondingToEvents" */;
			compatibilityVersion = "Xcode 9.3";
			developmentRegion = en;
			hasScannedForEncodings = 0;
			knownRegions = (
				en,
				Base,
			);
			mainGroup = B38178B525B191D500C51440;
			productRefGroup = B38178BF25B191D500C51440 /* Products */;
			projectDirPath = "";
			projectRoot = "";
			targets = (
				B38178BD25B191D500C51440 /* RespondingToEvents */,
			);
		};
/* End PBXProject section */

/* Begin PBXResourcesBuildPhase section */
		B38178BC25B191D500C51440 /* Resources */ = {
			isa = PBXResourcesBuildPhase;
			buildActionMask = 2147483647;
			files = (
				B38178C925B191D700C51440 /* Preview Assets.xcassets in Resources */,
				B38178C625B191D700C51440 /* Assets.xcassets in Resources */,
			);
			runOnlyForDeploymentPostprocessing = 0;
		};
/* End PBXResourcesBuildPhase section */

/* Begin PBXSourcesBuildPhase section */
		B38178BA25B191D500C51440 /* Sources */ = {
			isa = PBXSourcesBuildPhase;
			buildActionMask = 2147483647;
			files = (
				B38178E125B1920000C51440 /* NavigationWithButtonExample.swift in Sources */,
				B38178DE25B1920000C51440 /* PickerExample.swift in Sources */,
				B38178E025B1920000C51440 /* ButtonExample.swift in Sources */,
				B38178E625B1920000C51440 /* ToggleSwitchExample.swift in Sources */,
				B38178DC25B191FF00C51440 /* AppearExample.swift in Sources */,
				B38178E425B1920000C51440 /* TapGestureExample.swift in Sources */,
				B38178DF25B1920000C51440 /* SlideExample.swift in Sources */,
				B38178E525B1920000C51440 /* TextFieldExample.swift in Sources */,
				B38178C425B191D500C51440 /* ContentView.swift in Sources */,
				B38178DD25B191FF00C51440 /* HoveringExample.swift in Sources */,
				B38178C225B191D500C51440 /* RespondingToEventsApp.swift in Sources */,
				B38178E325B1920000C51440 /* StepperExample.swift in Sources */,
				B38178E225B1920000C51440 /* HitTestingExample.swift in Sources */,
			);
			runOnlyForDeploymentPostprocessing = 0;
		};
/* End PBXSourcesBuildPhase section */

/* Begin XCBuildConfiguration section */
		B38178CB25B191D700C51440 /* Debug */ = {
			isa = XCBuildConfiguration;
			buildSettings = {
				ALWAYS_SEARCH_USER_PATHS = NO;
				CLANG_ANALYZER_NONNULL = YES;
				CLANG_ANALYZER_NUMBER_OBJECT_CONVERSION = YES_AGGRESSIVE;
				CLANG_CXX_LANGUAGE_STANDARD = "gnu++14";
				CLANG_CXX_LIBRARY = "libc++";
				CLANG_ENABLE_MODULES = YES;
				CLANG_ENABLE_OBJC_ARC = YES;
				CLANG_ENABLE_OBJC_WEAK = YES;
				CLANG_WARN_BLOCK_CAPTURE_AUTORELEASING = YES;
				CLANG_WARN_BOOL_CONVERSION = YES;
				CLANG_WARN_COMMA = YES;
				CLANG_WARN_CONSTANT_CONVERSION = YES;
				CLANG_WARN_DEPRECATED_OBJC_IMPLEMENTATIONS = YES;
				CLANG_WARN_DIRECT_OBJC_ISA_USAGE = YES_ERROR;
				CLANG_WARN_DOCUMENTATION_COMMENTS = YES;
				CLANG_WARN_EMPTY_BODY = YES;
				CLANG_WARN_ENUM_CONVERSION = YES;
				CLANG_WARN_INFINITE_RECURSION = YES;
				CLANG_WARN_INT_CONVERSION = YES;
				CLANG_WARN_NON_LITERAL_NULL_CONVERSION = YES;
				CLANG_WARN_OBJC_IMPLICIT_RETAIN_SELF = YES;
				CLANG_WARN_OBJC_LITERAL_CONVERSION = YES;
				CLANG_WARN_OBJC_ROOT_CLASS = YES_ERROR;
				CLANG_WARN_QUOTED_INCLUDE_IN_FRAMEWORK_HEADER = YES;
				CLANG_WARN_RANGE_LOOP_ANALYSIS = YES;
				CLANG_WARN_STRICT_PROTOTYPES = YES;
				CLANG_WARN_SUSPICIOUS_MOVE = YES;
				CLANG_WARN_UNGUARDED_AVAILABILITY = YES_AGGRESSIVE;
				CLANG_WARN_UNREACHABLE_CODE = YES;
				CLANG_WARN__DUPLICATE_METHOD_MATCH = YES;
				COPY_PHASE_STRIP = NO;
				DEBUG_INFORMATION_FORMAT = dwarf;
				ENABLE_STRICT_OBJC_MSGSEND = YES;
				ENABLE_TESTABILITY = YES;
				GCC_C_LANGUAGE_STANDARD = gnu11;
				GCC_DYNAMIC_NO_PIC = NO;
				GCC_NO_COMMON_BLOCKS = YES;
				GCC_OPTIMIZATION_LEVEL = 0;
				GCC_PREPROCESSOR_DEFINITIONS = (
					"DEBUG=1",
					"$(inherited)",
				);
				GCC_WARN_64_TO_32_BIT_CONVERSION = YES;
				GCC_WARN_ABOUT_RETURN_TYPE = YES_ERROR;
				GCC_WARN_UNDECLARED_SELECTOR = YES;
				GCC_WARN_UNINITIALIZED_AUTOS = YES_AGGRESSIVE;
				GCC_WARN_UNUSED_FUNCTION = YES;
				GCC_WARN_UNUSED_VARIABLE = YES;
				IPHONEOS_DEPLOYMENT_TARGET = 14.2;
				MTL_ENABLE_DEBUG_INFO = INCLUDE_SOURCE;
				MTL_FAST_MATH = YES;
				ONLY_ACTIVE_ARCH = YES;
				SDKROOT = iphoneos;
				SWIFT_ACTIVE_COMPILATION_CONDITIONS = DEBUG;
				SWIFT_OPTIMIZATION_LEVEL = "-Onone";
			};
			name = Debug;
		};
		B38178CC25B191D700C51440 /* Release */ = {
			isa = XCBuildConfiguration;
			buildSettings = {
				ALWAYS_SEARCH_USER_PATHS = NO;
				CLANG_ANALYZER_NONNULL = YES;
				CLANG_ANALYZER_NUMBER_OBJECT_CONVERSION = YES_AGGRESSIVE;
				CLANG_CXX_LANGUAGE_STANDARD = "gnu++14";
				CLANG_CXX_LIBRARY = "libc++";
				CLANG_ENABLE_MODULES = YES;
				CLANG_ENABLE_OBJC_ARC = YES;
				CLANG_ENABLE_OBJC_WEAK = YES;
				CLANG_WARN_BLOCK_CAPTURE_AUTORELEASING = YES;
				CLANG_WARN_BOOL_CONVERSION = YES;
				CLANG_WARN_COMMA = YES;
				CLANG_WARN_CONSTANT_CONVERSION = YES;
				CLANG_WARN_DEPRECATED_OBJC_IMPLEMENTATIONS = YES;
				CLANG_WARN_DIRECT_OBJC_ISA_USAGE = YES_ERROR;
				CLANG_WARN_DOCUMENTATION_COMMENTS = YES;
				CLANG_WARN_EMPTY_BODY = YES;
				CLANG_WARN_ENUM_CONVERSION = YES;
				CLANG_WARN_INFINITE_RECURSION = YES;
				CLANG_WARN_INT_CONVERSION = YES;
				CLANG_WARN_NON_LITERAL_NULL_CONVERSION = YES;
				CLANG_WARN_OBJC_IMPLICIT_RETAIN_SELF = YES;
				CLANG_WARN_OBJC_LITERAL_CONVERSION = YES;
				CLANG_WARN_OBJC_ROOT_CLASS = YES_ERROR;
				CLANG_WARN_QUOTED_INCLUDE_IN_FRAMEWORK_HEADER = YES;
				CLANG_WARN_RANGE_LOOP_ANALYSIS = YES;
				CLANG_WARN_STRICT_PROTOTYPES = YES;
				CLANG_WARN_SUSPICIOUS_MOVE = YES;
				CLANG_WARN_UNGUARDED_AVAILABILITY = YES_AGGRESSIVE;
				CLANG_WARN_UNREACHABLE_CODE = YES;
				CLANG_WARN__DUPLICATE_METHOD_MATCH = YES;
				COPY_PHASE_STRIP = NO;
				DEBUG_INFORMATION_FORMAT = "dwarf-with-dsym";
				ENABLE_NS_ASSERTIONS = NO;
				ENABLE_STRICT_OBJC_MSGSEND = YES;
				GCC_C_LANGUAGE_STANDARD = gnu11;
				GCC_NO_COMMON_BLOCKS = YES;
				GCC_WARN_64_TO_32_BIT_CONVERSION = YES;
				GCC_WARN_ABOUT_RETURN_TYPE = YES_ERROR;
				GCC_WARN_UNDECLARED_SELECTOR = YES;
				GCC_WARN_UNINITIALIZED_AUTOS = YES_AGGRESSIVE;
				GCC_WARN_UNUSED_FUNCTION = YES;
				GCC_WARN_UNUSED_VARIABLE = YES;
				IPHONEOS_DEPLOYMENT_TARGET = 14.2;
				MTL_ENABLE_DEBUG_INFO = NO;
				MTL_FAST_MATH = YES;
				SDKROOT = iphoneos;
				SWIFT_COMPILATION_MODE = wholemodule;
				SWIFT_OPTIMIZATION_LEVEL = "-O";
				VALIDATE_PRODUCT = YES;
			};
			name = Release;
		};
		B38178CE25B191D700C51440 /* Debug */ = {
			isa = XCBuildConfiguration;
			buildSettings = {
				ASSETCATALOG_COMPILER_APPICON_NAME = AppIcon;
				ASSETCATALOG_COMPILER_GLOBAL_ACCENT_COLOR_NAME = AccentColor;
				CODE_SIGN_STYLE = Automatic;
				DEVELOPMENT_ASSET_PATHS = "\"RespondingToEvents/Preview Content\"";
				DEVELOPMENT_TEAM = 5WWX4FV258;
				ENABLE_PREVIEWS = YES;
				INFOPLIST_FILE = RespondingToEvents/Info.plist;
				IPHONEOS_DEPLOYMENT_TARGET = 14.0;
				LD_RUNPATH_SEARCH_PATHS = (
					"$(inherited)",
					"@executable_path/Frameworks",
				);
				PRODUCT_BUNDLE_IDENTIFIER = design.luannguyen.RespondingToEvents;
				PRODUCT_NAME = "$(TARGET_NAME)";
				SWIFT_VERSION = 5.0;
				TARGETED_DEVICE_FAMILY = "1,2";
			};
			name = Debug;
		};
		B38178CF25B191D700C51440 /* Release */ = {
			isa = XCBuildConfiguration;
			buildSettings = {
				ASSETCATALOG_COMPILER_APPICON_NAME = AppIcon;
				ASSETCATALOG_COMPILER_GLOBAL_ACCENT_COLOR_NAME = AccentColor;
				CODE_SIGN_STYLE = Automatic;
				DEVELOPMENT_ASSET_PATHS = "\"RespondingToEvents/Preview Content\"";
				DEVELOPMENT_TEAM = 5WWX4FV258;
				ENABLE_PREVIEWS = YES;
				INFOPLIST_FILE = RespondingToEvents/Info.plist;
				IPHONEOS_DEPLOYMENT_TARGET = 14.0;
				LD_RUNPATH_SEARCH_PATHS = (
					"$(inherited)",
					"@executable_path/Frameworks",
				);
				PRODUCT_BUNDLE_IDENTIFIER = design.luannguyen.RespondingToEvents;
				PRODUCT_NAME = "$(TARGET_NAME)";
				SWIFT_VERSION = 5.0;
				TARGETED_DEVICE_FAMILY = "1,2";
			};
			name = Release;
		};
/* End XCBuildConfiguration section */

/* Begin XCConfigurationList section */
		B38178B925B191D500C51440 /* Build configuration list for PBXProject "RespondingToEvents" */ = {
			isa = XCConfigurationList;
			buildConfigurations = (
				B38178CB25B191D700C51440 /* Debug */,
				B38178CC25B191D700C51440 /* Release */,
			);
			defaultConfigurationIsVisible = 0;
			defaultConfigurationName = Release;
		};
		B38178CD25B191D700C51440 /* Build configuration list for PBXNativeTarget "RespondingToEvents" */ = {
			isa = XCConfigurationList;
			buildConfigurations = (
				B38178CE25B191D700C51440 /* Debug */,
				B38178CF25B191D700C51440 /* Release */,
			);
			defaultConfigurationIsVisible = 0;
			defaultConfigurationName = Release;
		};
/* End XCConfigurationList section */
	};
	rootObject = B38178B625B191D500C51440 /* Project object */;
}
