// !$*UTF8*$!
{
	archiveVersion = 1;
	classes = {
	};
	objectVersion = 50;
	objects = {

/* Begin PBXBuildFile section */
		B370A2BD2594515300266DBE /* CaloryAppApp.swift in Sources */ = {isa = PBXBuildFile; fileRef = B370A2BC2594515300266DBE /* CaloryAppApp.swift */; };
		B370A2BF2594515300266DBE /* ContentView.swift in Sources */ = {isa = PBXBuildFile; fileRef = B370A2BE2594515300266DBE /* ContentView.swift */; };
		B370A2C12594515600266DBE /* Assets.xcassets in Resources */ = {isa = PBXBuildFile; fileRef = B370A2C02594515600266DBE /* Assets.xcassets */; };
		B370A2C42594515600266DBE /* Preview Assets.xcassets in Resources */ = {isa = PBXBuildFile; fileRef = B370A2C32594515600266DBE /* Preview Assets.xcassets */; };
		B370A2CF2594524500266DBE /* ColorConstants.swift in Sources */ = {isa = PBXBuildFile; fileRef = B370A2CE2594524500266DBE /* ColorConstants.swift */; };
		B370A2D22594526600266DBE /* AddDataView.swift in Sources */ = {isa = PBXBuildFile; fileRef = B370A2D12594526600266DBE /* AddDataView.swift */; };
		B370A2D62594529000266DBE /* IntakeItem.swift in Sources */ = {isa = PBXBuildFile; fileRef = B370A2D52594529000266DBE /* IntakeItem.swift */; };
		B370A2DA259452AE00266DBE /* ArchiveView.swift in Sources */ = {isa = PBXBuildFile; fileRef = B370A2D9259452AE00266DBE /* ArchiveView.swift */; };
		B370A2DD259452CA00266DBE /* CaloryDataViewModel.swift in Sources */ = {isa = PBXBuildFile; fileRef = B370A2DC259452CA00266DBE /* CaloryDataViewModel.swift */; };
		B370A2E0259452E900266DBE /* GraphInfoView.swift in Sources */ = {isa = PBXBuildFile; fileRef = B370A2DF259452E900266DBE /* GraphInfoView.swift */; };
		B370A2E32594530E00266DBE /* InfoView.swift in Sources */ = {isa = PBXBuildFile; fileRef = B370A2E22594530D00266DBE /* InfoView.swift */; };
		B370A2E62594532200266DBE /* MenuView.swift in Sources */ = {isa = PBXBuildFile; fileRef = B370A2E52594532200266DBE /* MenuView.swift */; };
		B370A2E92594533800266DBE /* MenuViewModel.swift in Sources */ = {isa = PBXBuildFile; fileRef = B370A2E82594533800266DBE /* MenuViewModel.swift */; };
		B370A2EC2594536800266DBE /* NumberDataView.swift in Sources */ = {isa = PBXBuildFile; fileRef = B370A2EB2594536800266DBE /* NumberDataView.swift */; };
		B370A2EF2594537B00266DBE /* TodayDataView.swift in Sources */ = {isa = PBXBuildFile; fileRef = B370A2EE2594537B00266DBE /* TodayDataView.swift */; };
		B370A2F22594538D00266DBE /* Wave.swift in Sources */ = {isa = PBXBuildFile; fileRef = B370A2F12594538D00266DBE /* Wave.swift */; };
		B370A2F52594543800266DBE /* WaveView.swift in Sources */ = {isa = PBXBuildFile; fileRef = B370A2F42594543800266DBE /* WaveView.swift */; };
		B370A2F92594545F00266DBE /* CaloryGraphView.swift in Sources */ = {isa = PBXBuildFile; fileRef = B370A2F82594545F00266DBE /* CaloryGraphView.swift */; };
		B370A2FD2594549B00266DBE /* CaloryData.swift in Sources */ = {isa = PBXBuildFile; fileRef = B370A2FC2594549B00266DBE /* CaloryData.swift */; };
		B370A300259454C800266DBE /* DataItemView.swift in Sources */ = {isa = PBXBuildFile; fileRef = B370A2FF259454C800266DBE /* DataItemView.swift */; };
		B370A3042594554200266DBE /* Menu.swift in Sources */ = {isa = PBXBuildFile; fileRef = B370A3032594554200266DBE /* Menu.swift */; };
		B370A3082594568600266DBE /* CaloryIntakeView.swift in Sources */ = {isa = PBXBuildFile; fileRef = B370A3072594568600266DBE /* CaloryIntakeView.swift */; };
		B370A30C259456AC00266DBE /* IntakeInfoView.swift in Sources */ = {isa = PBXBuildFile; fileRef = B370A30B259456AC00266DBE /* IntakeInfoView.swift */; };
		B370A310259456D500266DBE /* DateDropDownView.swift in Sources */ = {isa = PBXBuildFile; fileRef = B370A30F259456D500266DBE /* DateDropDownView.swift */; };
/* End PBXBuildFile section */

/* Begin PBXFileReference section */
		B370A2B92594515300266DBE /* CaloryApp.app */ = {isa = PBXFileReference; explicitFileType = wrapper.application; includeInIndex = 0; path = CaloryApp.app; sourceTree = BUILT_PRODUCTS_DIR; };
		B370A2BC2594515300266DBE /* CaloryAppApp.swift */ = {isa = PBXFileReference; lastKnownFileType = sourcecode.swift; path = CaloryAppApp.swift; sourceTree = "<group>"; };
		B370A2BE2594515300266DBE /* ContentView.swift */ = {isa = PBXFileReference; lastKnownFileType = sourcecode.swift; path = ContentView.swift; sourceTree = "<group>"; };
		B370A2C02594515600266DBE /* Assets.xcassets */ = {isa = PBXFileReference; lastKnownFileType = folder.assetcatalog; path = Assets.xcassets; sourceTree = "<group>"; };
		B370A2C32594515600266DBE /* Preview Assets.xcassets */ = {isa = PBXFileReference; lastKnownFileType = folder.assetcatalog; path = "Preview Assets.xcassets"; sourceTree = "<group>"; };
		B370A2C52594515600266DBE /* Info.plist */ = {isa = PBXFileReference; lastKnownFileType = text.plist.xml; path = Info.plist; sourceTree = "<group>"; };
		B370A2CE2594524500266DBE /* ColorConstants.swift */ = {isa = PBXFileReference; lastKnownFileType = sourcecode.swift; path = ColorConstants.swift; sourceTree = "<group>"; };
		B370A2D12594526600266DBE /* AddDataView.swift */ = {isa = PBXFileReference; lastKnownFileType = sourcecode.swift; path = AddDataView.swift; sourceTree = "<group>"; };
		B370A2D52594529000266DBE /* IntakeItem.swift */ = {isa = PBXFileReference; lastKnownFileType = sourcecode.swift; path = IntakeItem.swift; sourceTree = "<group>"; };
		B370A2D9259452AE00266DBE /* ArchiveView.swift */ = {isa = PBXFileReference; lastKnownFileType = sourcecode.swift; path = ArchiveView.swift; sourceTree = "<group>"; };
		B370A2DC259452CA00266DBE /* CaloryDataViewModel.swift */ = {isa = PBXFileReference; lastKnownFileType = sourcecode.swift; path = CaloryDataViewModel.swift; sourceTree = "<group>"; };
		B370A2DF259452E900266DBE /* GraphInfoView.swift */ = {isa = PBXFileReference; lastKnownFileType = sourcecode.swift; path = GraphInfoView.swift; sourceTree = "<group>"; };
		B370A2E22594530D00266DBE /* InfoView.swift */ = {isa = PBXFileReference; lastKnownFileType = sourcecode.swift; path = InfoView.swift; sourceTree = "<group>"; };
		B370A2E52594532200266DBE /* MenuView.swift */ = {isa = PBXFileReference; lastKnownFileType = sourcecode.swift; path = MenuView.swift; sourceTree = "<group>"; };
		B370A2E82594533800266DBE /* MenuViewModel.swift */ = {isa = PBXFileReference; lastKnownFileType = sourcecode.swift; path = MenuViewModel.swift; sourceTree = "<group>"; };
		B370A2EB2594536800266DBE /* NumberDataView.swift */ = {isa = PBXFileReference; lastKnownFileType = sourcecode.swift; path = NumberDataView.swift; sourceTree = "<group>"; };
		B370A2EE2594537B00266DBE /* TodayDataView.swift */ = {isa = PBXFileReference; lastKnownFileType = sourcecode.swift; path = TodayDataView.swift; sourceTree = "<group>"; };
		B370A2F12594538D00266DBE /* Wave.swift */ = {isa = PBXFileReference; lastKnownFileType = sourcecode.swift; path = Wave.swift; sourceTree = "<group>"; };
		B370A2F42594543800266DBE /* WaveView.swift */ = {isa = PBXFileReference; lastKnownFileType = sourcecode.swift; path = WaveView.swift; sourceTree = "<group>"; };
		B370A2F82594545F00266DBE /* CaloryGraphView.swift */ = {isa = PBXFileReference; lastKnownFileType = sourcecode.swift; path = CaloryGraphView.swift; sourceTree = "<group>"; };
		B370A2FC2594549B00266DBE /* CaloryData.swift */ = {isa = PBXFileReference; lastKnownFileType = sourcecode.swift; path = CaloryData.swift; sourceTree = "<group>"; };
		B370A2FF259454C800266DBE /* DataItemView.swift */ = {isa = PBXFileReference; lastKnownFileType = sourcecode.swift; path = DataItemView.swift; sourceTree = "<group>"; };
		B370A3032594554200266DBE /* Menu.swift */ = {isa = PBXFileReference; lastKnownFileType = sourcecode.swift; path = Menu.swift; sourceTree = "<group>"; };
		B370A3072594568600266DBE /* CaloryIntakeView.swift */ = {isa = PBXFileReference; lastKnownFileType = sourcecode.swift; path = CaloryIntakeView.swift; sourceTree = "<group>"; };
		B370A30B259456AC00266DBE /* IntakeInfoView.swift */ = {isa = PBXFileReference; lastKnownFileType = sourcecode.swift; path = IntakeInfoView.swift; sourceTree = "<group>"; };
		B370A30F259456D500266DBE /* DateDropDownView.swift */ = {isa = PBXFileReference; lastKnownFileType = sourcecode.swift; path = DateDropDownView.swift; sourceTree = "<group>"; };
/* End PBXFileReference section */

/* Begin PBXFrameworksBuildPhase section */
		B370A2B62594515300266DBE /* Frameworks */ = {
			isa = PBXFrameworksBuildPhase;
			buildActionMask = 2147483647;
			files = (
			);
			runOnlyForDeploymentPostprocessing = 0;
		};
/* End PBXFrameworksBuildPhase section */

/* Begin PBXGroup section */
		B370A2B02594515300266DBE = {
			isa = PBXGroup;
			children = (
				B370A2BB2594515300266DBE /* CaloryApp */,
				B370A2BA2594515300266DBE /* Products */,
			);
			sourceTree = "<group>";
		};
		B370A2BA2594515300266DBE /* Products */ = {
			isa = PBXGroup;
			children = (
				B370A2B92594515300266DBE /* CaloryApp.app */,
			);
			name = Products;
			sourceTree = "<group>";
		};
		B370A2BB2594515300266DBE /* CaloryApp */ = {
			isa = PBXGroup;
			children = (
				B370A2CD2594523C00266DBE /* Styles */,
				B370A2CC2594521600266DBE /* Views */,
				B370A2D42594528400266DBE /* Models */,
				B370A2BC2594515300266DBE /* CaloryAppApp.swift */,
				B370A2C02594515600266DBE /* Assets.xcassets */,
				B370A2C52594515600266DBE /* Info.plist */,
				B370A2C22594515600266DBE /* Preview Content */,
			);
			path = CaloryApp;
			sourceTree = "<group>";
		};
		B370A2C22594515600266DBE /* Preview Content */ = {
			isa = PBXGroup;
			children = (
				B370A2C32594515600266DBE /* Preview Assets.xcassets */,
			);
			path = "Preview Content";
			sourceTree = "<group>";
		};
		B370A2CC2594521600266DBE /* Views */ = {
			isa = PBXGroup;
			children = (
				B370A2BE2594515300266DBE /* ContentView.swift */,
				B370A2D12594526600266DBE /* AddDataView.swift */,
				B370A30F259456D500266DBE /* DateDropDownView.swift */,
				B370A3072594568600266DBE /* CaloryIntakeView.swift */,
				B370A30B259456AC00266DBE /* IntakeInfoView.swift */,
				B370A2D9259452AE00266DBE /* ArchiveView.swift */,
				B370A2DF259452E900266DBE /* GraphInfoView.swift */,
				B370A2FF259454C800266DBE /* DataItemView.swift */,
				B370A2F82594545F00266DBE /* CaloryGraphView.swift */,
				B370A2F42594543800266DBE /* WaveView.swift */,
				B370A2E22594530D00266DBE /* InfoView.swift */,
				B370A2E52594532200266DBE /* MenuView.swift */,
				B370A3032594554200266DBE /* Menu.swift */,
				B370A2EB2594536800266DBE /* NumberDataView.swift */,
				B370A2EE2594537B00266DBE /* TodayDataView.swift */,
			);
			path = Views;
			sourceTree = "<group>";
		};
		B370A2CD2594523C00266DBE /* Styles */ = {
			isa = PBXGroup;
			children = (
				B370A2CE2594524500266DBE /* ColorConstants.swift */,
				B370A2F12594538D00266DBE /* Wave.swift */,
			);
			path = Styles;
			sourceTree = "<group>";
		};
		B370A2D42594528400266DBE /* Models */ = {
			isa = PBXGroup;
			children = (
				B370A2D52594529000266DBE /* IntakeItem.swift */,
				B370A2DC259452CA00266DBE /* CaloryDataViewModel.swift */,
				B370A2E82594533800266DBE /* MenuViewModel.swift */,
				B370A2FC2594549B00266DBE /* CaloryData.swift */,
			);
			path = Models;
			sourceTree = "<group>";
		};
/* End PBXGroup section */

/* Begin PBXNativeTarget section */
		B370A2B82594515300266DBE /* CaloryApp */ = {
			isa = PBXNativeTarget;
			buildConfigurationList = B370A2C82594515600266DBE /* Build configuration list for PBXNativeTarget "CaloryApp" */;
			buildPhases = (
				B370A2B52594515300266DBE /* Sources */,
				B370A2B62594515300266DBE /* Frameworks */,
				B370A2B72594515300266DBE /* Resources */,
			);
			buildRules = (
			);
			dependencies = (
			);
			name = CaloryApp;
			productName = CaloryApp;
			productReference = B370A2B92594515300266DBE /* CaloryApp.app */;
			productType = "com.apple.product-type.application";
		};
/* End PBXNativeTarget section */

/* Begin PBXProject section */
		B370A2B12594515300266DBE /* Project object */ = {
			isa = PBXProject;
			attributes = {
				LastSwiftUpdateCheck = 1220;
				LastUpgradeCheck = 1220;
				TargetAttributes = {
					B370A2B82594515300266DBE = {
						CreatedOnToolsVersion = 12.2;
					};
				};
			};
			buildConfigurationList = B370A2B42594515300266DBE /* Build configuration list for PBXProject "CaloryApp" */;
			compatibilityVersion = "Xcode 9.3";
			developmentRegion = en;
			hasScannedForEncodings = 0;
			knownRegions = (
				en,
				Base,
			);
			mainGroup = B370A2B02594515300266DBE;
			productRefGroup = B370A2BA2594515300266DBE /* Products */;
			projectDirPath = "";
			projectRoot = "";
			targets = (
				B370A2B82594515300266DBE /* CaloryApp */,
			);
		};
/* End PBXProject section */

/* Begin PBXResourcesBuildPhase section */
		B370A2B72594515300266DBE /* Resources */ = {
			isa = PBXResourcesBuildPhase;
			buildActionMask = 2147483647;
			files = (
				B370A2C42594515600266DBE /* Preview Assets.xcassets in Resources */,
				B370A2C12594515600266DBE /* Assets.xcassets in Resources */,
			);
			runOnlyForDeploymentPostprocessing = 0;
		};
/* End PBXResourcesBuildPhase section */

/* Begin PBXSourcesBuildPhase section */
		B370A2B52594515300266DBE /* Sources */ = {
			isa = PBXSourcesBuildPhase;
			buildActionMask = 2147483647;
			files = (
				B370A2CF2594524500266DBE /* ColorConstants.swift in Sources */,
				B370A30C259456AC00266DBE /* IntakeInfoView.swift in Sources */,
				B370A2F52594543800266DBE /* WaveView.swift in Sources */,
				B370A2EC2594536800266DBE /* NumberDataView.swift in Sources */,
				B370A2DA259452AE00266DBE /* ArchiveView.swift in Sources */,
				B370A310259456D500266DBE /* DateDropDownView.swift in Sources */,
				B370A2BF2594515300266DBE /* ContentView.swift in Sources */,
				B370A2F22594538D00266DBE /* Wave.swift in Sources */,
				B370A2DD259452CA00266DBE /* CaloryDataViewModel.swift in Sources */,
				B370A2F92594545F00266DBE /* CaloryGraphView.swift in Sources */,
				B370A2FD2594549B00266DBE /* CaloryData.swift in Sources */,
				B370A2D22594526600266DBE /* AddDataView.swift in Sources */,
				B370A2E92594533800266DBE /* MenuViewModel.swift in Sources */,
				B370A3042594554200266DBE /* Menu.swift in Sources */,
				B370A2E62594532200266DBE /* MenuView.swift in Sources */,
				B370A2BD2594515300266DBE /* CaloryAppApp.swift in Sources */,
				B370A300259454C800266DBE /* DataItemView.swift in Sources */,
				B370A2D62594529000266DBE /* IntakeItem.swift in Sources */,
				B370A2E32594530E00266DBE /* InfoView.swift in Sources */,
				B370A2EF2594537B00266DBE /* TodayDataView.swift in Sources */,
				B370A3082594568600266DBE /* CaloryIntakeView.swift in Sources */,
				B370A2E0259452E900266DBE /* GraphInfoView.swift in Sources */,
			);
			runOnlyForDeploymentPostprocessing = 0;
		};
/* End PBXSourcesBuildPhase section */

/* Begin XCBuildConfiguration section */
		B370A2C62594515600266DBE /* Debug */ = {
			isa = XCBuildConfiguration;
			buildSettings = {
				ALWAYS_SEARCH_USER_PATHS = NO;
				CLANG_ANALYZER_NONNULL = YES;
				CLANG_ANALYZER_NUMBER_OBJECT_CONVERSION = YES_AGGRESSIVE;
				CLANG_CXX_LANGUAGE_STANDARD = "gnu++14";
				CLANG_CXX_LIBRARY = "libc++";
				CLANG_ENABLE_MODULES = YES;
				CLANG_ENABLE_OBJC_ARC = YES;
				CLANG_ENABLE_OBJC_WEAK = YES;
				CLANG_WARN_BLOCK_CAPTURE_AUTORELEASING = YES;
				CLANG_WARN_BOOL_CONVERSION = YES;
				CLANG_WARN_COMMA = YES;
				CLANG_WARN_CONSTANT_CONVERSION = YES;
				CLANG_WARN_DEPRECATED_OBJC_IMPLEMENTATIONS = YES;
				CLANG_WARN_DIRECT_OBJC_ISA_USAGE = YES_ERROR;
				CLANG_WARN_DOCUMENTATION_COMMENTS = YES;
				CLANG_WARN_EMPTY_BODY = YES;
				CLANG_WARN_ENUM_CONVERSION = YES;
				CLANG_WARN_INFINITE_RECURSION = YES;
				CLANG_WARN_INT_CONVERSION = YES;
				CLANG_WARN_NON_LITERAL_NULL_CONVERSION = YES;
				CLANG_WARN_OBJC_IMPLICIT_RETAIN_SELF = YES;
				CLANG_WARN_OBJC_LITERAL_CONVERSION = YES;
				CLANG_WARN_OBJC_ROOT_CLASS = YES_ERROR;
				CLANG_WARN_QUOTED_INCLUDE_IN_FRAMEWORK_HEADER = YES;
				CLANG_WARN_RANGE_LOOP_ANALYSIS = YES;
				CLANG_WARN_STRICT_PROTOTYPES = YES;
				CLANG_WARN_SUSPICIOUS_MOVE = YES;
				CLANG_WARN_UNGUARDED_AVAILABILITY = YES_AGGRESSIVE;
				CLANG_WARN_UNREACHABLE_CODE = YES;
				CLANG_WARN__DUPLICATE_METHOD_MATCH = YES;
				COPY_PHASE_STRIP = NO;
				DEBUG_INFORMATION_FORMAT = dwarf;
				ENABLE_STRICT_OBJC_MSGSEND = YES;
				ENABLE_TESTABILITY = YES;
				GCC_C_LANGUAGE_STANDARD = gnu11;
				GCC_DYNAMIC_NO_PIC = NO;
				GCC_NO_COMMON_BLOCKS = YES;
				GCC_OPTIMIZATION_LEVEL = 0;
				GCC_PREPROCESSOR_DEFINITIONS = (
					"DEBUG=1",
					"$(inherited)",
				);
				GCC_WARN_64_TO_32_BIT_CONVERSION = YES;
				GCC_WARN_ABOUT_RETURN_TYPE = YES_ERROR;
				GCC_WARN_UNDECLARED_SELECTOR = YES;
				GCC_WARN_UNINITIALIZED_AUTOS = YES_AGGRESSIVE;
				GCC_WARN_UNUSED_FUNCTION = YES;
				GCC_WARN_UNUSED_VARIABLE = YES;
				IPHONEOS_DEPLOYMENT_TARGET = 14.2;
				MTL_ENABLE_DEBUG_INFO = INCLUDE_SOURCE;
				MTL_FAST_MATH = YES;
				ONLY_ACTIVE_ARCH = YES;
				SDKROOT = iphoneos;
				SWIFT_ACTIVE_COMPILATION_CONDITIONS = DEBUG;
				SWIFT_OPTIMIZATION_LEVEL = "-Onone";
			};
			name = Debug;
		};
		B370A2C72594515600266DBE /* Release */ = {
			isa = XCBuildConfiguration;
			buildSettings = {
				ALWAYS_SEARCH_USER_PATHS = NO;
				CLANG_ANALYZER_NONNULL = YES;
				CLANG_ANALYZER_NUMBER_OBJECT_CONVERSION = YES_AGGRESSIVE;
				CLANG_CXX_LANGUAGE_STANDARD = "gnu++14";
				CLANG_CXX_LIBRARY = "libc++";
				CLANG_ENABLE_MODULES = YES;
				CLANG_ENABLE_OBJC_ARC = YES;
				CLANG_ENABLE_OBJC_WEAK = YES;
				CLANG_WARN_BLOCK_CAPTURE_AUTORELEASING = YES;
				CLANG_WARN_BOOL_CONVERSION = YES;
				CLANG_WARN_COMMA = YES;
				CLANG_WARN_CONSTANT_CONVERSION = YES;
				CLANG_WARN_DEPRECATED_OBJC_IMPLEMENTATIONS = YES;
				CLANG_WARN_DIRECT_OBJC_ISA_USAGE = YES_ERROR;
				CLANG_WARN_DOCUMENTATION_COMMENTS = YES;
				CLANG_WARN_EMPTY_BODY = YES;
				CLANG_WARN_ENUM_CONVERSION = YES;
				CLANG_WARN_INFINITE_RECURSION = YES;
				CLANG_WARN_INT_CONVERSION = YES;
				CLANG_WARN_NON_LITERAL_NULL_CONVERSION = YES;
				CLANG_WARN_OBJC_IMPLICIT_RETAIN_SELF = YES;
				CLANG_WARN_OBJC_LITERAL_CONVERSION = YES;
				CLANG_WARN_OBJC_ROOT_CLASS = YES_ERROR;
				CLANG_WARN_QUOTED_INCLUDE_IN_FRAMEWORK_HEADER = YES;
				CLANG_WARN_RANGE_LOOP_ANALYSIS = YES;
				CLANG_WARN_STRICT_PROTOTYPES = YES;
				CLANG_WARN_SUSPICIOUS_MOVE = YES;
				CLANG_WARN_UNGUARDED_AVAILABILITY = YES_AGGRESSIVE;
				CLANG_WARN_UNREACHABLE_CODE = YES;
				CLANG_WARN__DUPLICATE_METHOD_MATCH = YES;
				COPY_PHASE_STRIP = NO;
				DEBUG_INFORMATION_FORMAT = "dwarf-with-dsym";
				ENABLE_NS_ASSERTIONS = NO;
				ENABLE_STRICT_OBJC_MSGSEND = YES;
				GCC_C_LANGUAGE_STANDARD = gnu11;
				GCC_NO_COMMON_BLOCKS = YES;
				GCC_WARN_64_TO_32_BIT_CONVERSION = YES;
				GCC_WARN_ABOUT_RETURN_TYPE = YES_ERROR;
				GCC_WARN_UNDECLARED_SELECTOR = YES;
				GCC_WARN_UNINITIALIZED_AUTOS = YES_AGGRESSIVE;
				GCC_WARN_UNUSED_FUNCTION = YES;
				GCC_WARN_UNUSED_VARIABLE = YES;
				IPHONEOS_DEPLOYMENT_TARGET = 14.2;
				MTL_ENABLE_DEBUG_INFO = NO;
				MTL_FAST_MATH = YES;
				SDKROOT = iphoneos;
				SWIFT_COMPILATION_MODE = wholemodule;
				SWIFT_OPTIMIZATION_LEVEL = "-O";
				VALIDATE_PRODUCT = YES;
			};
			name = Release;
		};
		B370A2C92594515600266DBE /* Debug */ = {
			isa = XCBuildConfiguration;
			buildSettings = {
				ASSETCATALOG_COMPILER_APPICON_NAME = AppIcon;
				ASSETCATALOG_COMPILER_GLOBAL_ACCENT_COLOR_NAME = AccentColor;
				CODE_SIGN_STYLE = Automatic;
				DEVELOPMENT_ASSET_PATHS = "\"CaloryApp/Preview Content\"";
				DEVELOPMENT_TEAM = 5WWX4FV258;
				ENABLE_PREVIEWS = YES;
				INFOPLIST_FILE = CaloryApp/Info.plist;
				IPHONEOS_DEPLOYMENT_TARGET = 14.0;
				LD_RUNPATH_SEARCH_PATHS = (
					"$(inherited)",
					"@executable_path/Frameworks",
				);
				PRODUCT_BUNDLE_IDENTIFIER = design.luannguyen.CaloryApp;
				PRODUCT_NAME = "$(TARGET_NAME)";
				SWIFT_VERSION = 5.0;
				TARGETED_DEVICE_FAMILY = "1,2";
			};
			name = Debug;
		};
		B370A2CA2594515600266DBE /* Release */ = {
			isa = XCBuildConfiguration;
			buildSettings = {
				ASSETCATALOG_COMPILER_APPICON_NAME = AppIcon;
				ASSETCATALOG_COMPILER_GLOBAL_ACCENT_COLOR_NAME = AccentColor;
				CODE_SIGN_STYLE = Automatic;
				DEVELOPMENT_ASSET_PATHS = "\"CaloryApp/Preview Content\"";
				DEVELOPMENT_TEAM = 5WWX4FV258;
				ENABLE_PREVIEWS = YES;
				INFOPLIST_FILE = CaloryApp/Info.plist;
				IPHONEOS_DEPLOYMENT_TARGET = 14.0;
				LD_RUNPATH_SEARCH_PATHS = (
					"$(inherited)",
					"@executable_path/Frameworks",
				);
				PRODUCT_BUNDLE_IDENTIFIER = design.luannguyen.CaloryApp;
				PRODUCT_NAME = "$(TARGET_NAME)";
				SWIFT_VERSION = 5.0;
				TARGETED_DEVICE_FAMILY = "1,2";
			};
			name = Release;
		};
/* End XCBuildConfiguration section */

/* Begin XCConfigurationList section */
		B370A2B42594515300266DBE /* Build configuration list for PBXProject "CaloryApp" */ = {
			isa = XCConfigurationList;
			buildConfigurations = (
				B370A2C62594515600266DBE /* Debug */,
				B370A2C72594515600266DBE /* Release */,
			);
			defaultConfigurationIsVisible = 0;
			defaultConfigurationName = Release;
		};
		B370A2C82594515600266DBE /* Build configuration list for PBXNativeTarget "CaloryApp" */ = {
			isa = XCConfigurationList;
			buildConfigurations = (
				B370A2C92594515600266DBE /* Debug */,
				B370A2CA2594515600266DBE /* Release */,
			);
			defaultConfigurationIsVisible = 0;
			defaultConfigurationName = Release;
		};
/* End XCConfigurationList section */
	};
	rootObject = B370A2B12594515300266DBE /* Project object */;
}
