// !$*UTF8*$!
{
	archiveVersion = 1;
	classes = {
	};
	objectVersion = 50;
	objects = {

/* Begin PBXBuildFile section */
		E6C513EA243EC57300B16CA2 /* AppDelegate.swift in Sources */ = {isa = PBXBuildFile; fileRef = E6C513E9243EC57300B16CA2 /* AppDelegate.swift */; };
		E6C513EC243EC57300B16CA2 /* SceneDelegate.swift in Sources */ = {isa = PBXBuildFile; fileRef = E6C513EB243EC57300B16CA2 /* SceneDelegate.swift */; };
		E6C513EF243EC57300B16CA2 /* codeTutorial_contextMenu.xcdatamodeld in Sources */ = {isa = PBXBuildFile; fileRef = E6C513ED243EC57300B16CA2 /* codeTutorial_contextMenu.xcdatamodeld */; };
		E6C513F1243EC57300B16CA2 /* ContentView.swift in Sources */ = {isa = PBXBuildFile; fileRef = E6C513F0243EC57300B16CA2 /* ContentView.swift */; };
		E6C513F3243EC57600B16CA2 /* Assets.xcassets in Resources */ = {isa = PBXBuildFile; fileRef = E6C513F2243EC57600B16CA2 /* Assets.xcassets */; };
		E6C513F6243EC57600B16CA2 /* Preview Assets.xcassets in Resources */ = {isa = PBXBuildFile; fileRef = E6C513F5243EC57600B16CA2 /* Preview Assets.xcassets */; };
		E6C513F9243EC57600B16CA2 /* LaunchScreen.storyboard in Resources */ = {isa = PBXBuildFile; fileRef = E6C513F7243EC57600B16CA2 /* LaunchScreen.storyboard */; };
		E6C51404243EC57600B16CA2 /* codeTutorial_contextMenuTests.swift in Sources */ = {isa = PBXBuildFile; fileRef = E6C51403243EC57600B16CA2 /* codeTutorial_contextMenuTests.swift */; };
		E6C5140F243EC57600B16CA2 /* codeTutorial_contextMenuUITests.swift in Sources */ = {isa = PBXBuildFile; fileRef = E6C5140E243EC57600B16CA2 /* codeTutorial_contextMenuUITests.swift */; };
/* End PBXBuildFile section */

/* Begin PBXContainerItemProxy section */
		E6C51400243EC57600B16CA2 /* PBXContainerItemProxy */ = {
			isa = PBXContainerItemProxy;
			containerPortal = E6C513DE243EC57200B16CA2 /* Project object */;
			proxyType = 1;
			remoteGlobalIDString = E6C513E5243EC57300B16CA2;
			remoteInfo = codeTutorial_contextMenu;
		};
		E6C5140B243EC57600B16CA2 /* PBXContainerItemProxy */ = {
			isa = PBXContainerItemProxy;
			containerPortal = E6C513DE243EC57200B16CA2 /* Project object */;
			proxyType = 1;
			remoteGlobalIDString = E6C513E5243EC57300B16CA2;
			remoteInfo = codeTutorial_contextMenu;
		};
/* End PBXContainerItemProxy section */

/* Begin PBXFileReference section */
		E6C513E6243EC57300B16CA2 /* codeTutorial_contextMenu.app */ = {isa = PBXFileReference; explicitFileType = wrapper.application; includeInIndex = 0; path = codeTutorial_contextMenu.app; sourceTree = BUILT_PRODUCTS_DIR; };
		E6C513E9243EC57300B16CA2 /* AppDelegate.swift */ = {isa = PBXFileReference; lastKnownFileType = sourcecode.swift; path = AppDelegate.swift; sourceTree = "<group>"; };
		E6C513EB243EC57300B16CA2 /* SceneDelegate.swift */ = {isa = PBXFileReference; lastKnownFileType = sourcecode.swift; path = SceneDelegate.swift; sourceTree = "<group>"; };
		E6C513EE243EC57300B16CA2 /* codeTutorial_contextMenu.xcdatamodel */ = {isa = PBXFileReference; lastKnownFileType = wrapper.xcdatamodel; path = codeTutorial_contextMenu.xcdatamodel; sourceTree = "<group>"; };
		E6C513F0243EC57300B16CA2 /* ContentView.swift */ = {isa = PBXFileReference; lastKnownFileType = sourcecode.swift; path = ContentView.swift; sourceTree = "<group>"; };
		E6C513F2243EC57600B16CA2 /* Assets.xcassets */ = {isa = PBXFileReference; lastKnownFileType = folder.assetcatalog; path = Assets.xcassets; sourceTree = "<group>"; };
		E6C513F5243EC57600B16CA2 /* Preview Assets.xcassets */ = {isa = PBXFileReference; lastKnownFileType = folder.assetcatalog; path = "Preview Assets.xcassets"; sourceTree = "<group>"; };
		E6C513F8243EC57600B16CA2 /* Base */ = {isa = PBXFileReference; lastKnownFileType = file.storyboard; name = Base; path = Base.lproj/LaunchScreen.storyboard; sourceTree = "<group>"; };
		E6C513FA243EC57600B16CA2 /* Info.plist */ = {isa = PBXFileReference; lastKnownFileType = text.plist.xml; path = Info.plist; sourceTree = "<group>"; };
		E6C513FF243EC57600B16CA2 /* codeTutorial_contextMenuTests.xctest */ = {isa = PBXFileReference; explicitFileType = wrapper.cfbundle; includeInIndex = 0; path = codeTutorial_contextMenuTests.xctest; sourceTree = BUILT_PRODUCTS_DIR; };
		E6C51403243EC57600B16CA2 /* codeTutorial_contextMenuTests.swift */ = {isa = PBXFileReference; lastKnownFileType = sourcecode.swift; path = codeTutorial_contextMenuTests.swift; sourceTree = "<group>"; };
		E6C51405243EC57600B16CA2 /* Info.plist */ = {isa = PBXFileReference; lastKnownFileType = text.plist.xml; path = Info.plist; sourceTree = "<group>"; };
		E6C5140A243EC57600B16CA2 /* codeTutorial_contextMenuUITests.xctest */ = {isa = PBXFileReference; explicitFileType = wrapper.cfbundle; includeInIndex = 0; path = codeTutorial_contextMenuUITests.xctest; sourceTree = BUILT_PRODUCTS_DIR; };
		E6C5140E243EC57600B16CA2 /* codeTutorial_contextMenuUITests.swift */ = {isa = PBXFileReference; lastKnownFileType = sourcecode.swift; path = codeTutorial_contextMenuUITests.swift; sourceTree = "<group>"; };
		E6C51410243EC57600B16CA2 /* Info.plist */ = {isa = PBXFileReference; lastKnownFileType = text.plist.xml; path = Info.plist; sourceTree = "<group>"; };
/* End PBXFileReference section */

/* Begin PBXFrameworksBuildPhase section */
		E6C513E3243EC57300B16CA2 /* Frameworks */ = {
			isa = PBXFrameworksBuildPhase;
			buildActionMask = 2147483647;
			files = (
			);
			runOnlyForDeploymentPostprocessing = 0;
		};
		E6C513FC243EC57600B16CA2 /* Frameworks */ = {
			isa = PBXFrameworksBuildPhase;
			buildActionMask = 2147483647;
			files = (
			);
			runOnlyForDeploymentPostprocessing = 0;
		};
		E6C51407243EC57600B16CA2 /* Frameworks */ = {
			isa = PBXFrameworksBuildPhase;
			buildActionMask = 2147483647;
			files = (
			);
			runOnlyForDeploymentPostprocessing = 0;
		};
/* End PBXFrameworksBuildPhase section */

/* Begin PBXGroup section */
		E6C513DD243EC57200B16CA2 = {
			isa = PBXGroup;
			children = (
				E6C513E8243EC57300B16CA2 /* codeTutorial_contextMenu */,
				E6C51402243EC57600B16CA2 /* codeTutorial_contextMenuTests */,
				E6C5140D243EC57600B16CA2 /* codeTutorial_contextMenuUITests */,
				E6C513E7243EC57300B16CA2 /* Products */,
			);
			sourceTree = "<group>";
		};
		E6C513E7243EC57300B16CA2 /* Products */ = {
			isa = PBXGroup;
			children = (
				E6C513E6243EC57300B16CA2 /* codeTutorial_contextMenu.app */,
				E6C513FF243EC57600B16CA2 /* codeTutorial_contextMenuTests.xctest */,
				E6C5140A243EC57600B16CA2 /* codeTutorial_contextMenuUITests.xctest */,
			);
			name = Products;
			sourceTree = "<group>";
		};
		E6C513E8243EC57300B16CA2 /* codeTutorial_contextMenu */ = {
			isa = PBXGroup;
			children = (
				E6C513E9243EC57300B16CA2 /* AppDelegate.swift */,
				E6C513EB243EC57300B16CA2 /* SceneDelegate.swift */,
				E6C513F0243EC57300B16CA2 /* ContentView.swift */,
				E6C513F2243EC57600B16CA2 /* Assets.xcassets */,
				E6C513F7243EC57600B16CA2 /* LaunchScreen.storyboard */,
				E6C513FA243EC57600B16CA2 /* Info.plist */,
				E6C513ED243EC57300B16CA2 /* codeTutorial_contextMenu.xcdatamodeld */,
				E6C513F4243EC57600B16CA2 /* Preview Content */,
			);
			path = codeTutorial_contextMenu;
			sourceTree = "<group>";
		};
		E6C513F4243EC57600B16CA2 /* Preview Content */ = {
			isa = PBXGroup;
			children = (
				E6C513F5243EC57600B16CA2 /* Preview Assets.xcassets */,
			);
			path = "Preview Content";
			sourceTree = "<group>";
		};
		E6C51402243EC57600B16CA2 /* codeTutorial_contextMenuTests */ = {
			isa = PBXGroup;
			children = (
				E6C51403243EC57600B16CA2 /* codeTutorial_contextMenuTests.swift */,
				E6C51405243EC57600B16CA2 /* Info.plist */,
			);
			path = codeTutorial_contextMenuTests;
			sourceTree = "<group>";
		};
		E6C5140D243EC57600B16CA2 /* codeTutorial_contextMenuUITests */ = {
			isa = PBXGroup;
			children = (
				E6C5140E243EC57600B16CA2 /* codeTutorial_contextMenuUITests.swift */,
				E6C51410243EC57600B16CA2 /* Info.plist */,
			);
			path = codeTutorial_contextMenuUITests;
			sourceTree = "<group>";
		};
/* End PBXGroup section */

/* Begin PBXNativeTarget section */
		E6C513E5243EC57300B16CA2 /* codeTutorial_contextMenu */ = {
			isa = PBXNativeTarget;
			buildConfigurationList = E6C51413243EC57600B16CA2 /* Build configuration list for PBXNativeTarget "codeTutorial_contextMenu" */;
			buildPhases = (
				E6C513E2243EC57300B16CA2 /* Sources */,
				E6C513E3243EC57300B16CA2 /* Frameworks */,
				E6C513E4243EC57300B16CA2 /* Resources */,
			);
			buildRules = (
			);
			dependencies = (
			);
			name = codeTutorial_contextMenu;
			productName = codeTutorial_contextMenu;
			productReference = E6C513E6243EC57300B16CA2 /* codeTutorial_contextMenu.app */;
			productType = "com.apple.product-type.application";
		};
		E6C513FE243EC57600B16CA2 /* codeTutorial_contextMenuTests */ = {
			isa = PBXNativeTarget;
			buildConfigurationList = E6C51416243EC57600B16CA2 /* Build configuration list for PBXNativeTarget "codeTutorial_contextMenuTests" */;
			buildPhases = (
				E6C513FB243EC57600B16CA2 /* Sources */,
				E6C513FC243EC57600B16CA2 /* Frameworks */,
				E6C513FD243EC57600B16CA2 /* Resources */,
			);
			buildRules = (
			);
			dependencies = (
				E6C51401243EC57600B16CA2 /* PBXTargetDependency */,
			);
			name = codeTutorial_contextMenuTests;
			productName = codeTutorial_contextMenuTests;
			productReference = E6C513FF243EC57600B16CA2 /* codeTutorial_contextMenuTests.xctest */;
			productType = "com.apple.product-type.bundle.unit-test";
		};
		E6C51409243EC57600B16CA2 /* codeTutorial_contextMenuUITests */ = {
			isa = PBXNativeTarget;
			buildConfigurationList = E6C51419243EC57600B16CA2 /* Build configuration list for PBXNativeTarget "codeTutorial_contextMenuUITests" */;
			buildPhases = (
				E6C51406243EC57600B16CA2 /* Sources */,
				E6C51407243EC57600B16CA2 /* Frameworks */,
				E6C51408243EC57600B16CA2 /* Resources */,
			);
			buildRules = (
			);
			dependencies = (
				E6C5140C243EC57600B16CA2 /* PBXTargetDependency */,
			);
			name = codeTutorial_contextMenuUITests;
			productName = codeTutorial_contextMenuUITests;
			productReference = E6C5140A243EC57600B16CA2 /* codeTutorial_contextMenuUITests.xctest */;
			productType = "com.apple.product-type.bundle.ui-testing";
		};
/* End PBXNativeTarget section */

/* Begin PBXProject section */
		E6C513DE243EC57200B16CA2 /* Project object */ = {
			isa = PBXProject;
			attributes = {
				LastSwiftUpdateCheck = 1130;
				LastUpgradeCheck = 1220;
				ORGANIZATIONNAME = "Christopher Guirguis";
				TargetAttributes = {
					E6C513E5243EC57300B16CA2 = {
						CreatedOnToolsVersion = 11.3.1;
					};
					E6C513FE243EC57600B16CA2 = {
						CreatedOnToolsVersion = 11.3.1;
						TestTargetID = E6C513E5243EC57300B16CA2;
					};
					E6C51409243EC57600B16CA2 = {
						CreatedOnToolsVersion = 11.3.1;
						TestTargetID = E6C513E5243EC57300B16CA2;
					};
				};
			};
			buildConfigurationList = E6C513E1243EC57300B16CA2 /* Build configuration list for PBXProject "codeTutorial_contextMenu" */;
			compatibilityVersion = "Xcode 9.3";
			developmentRegion = en;
			hasScannedForEncodings = 0;
			knownRegions = (
				en,
				Base,
			);
			mainGroup = E6C513DD243EC57200B16CA2;
			productRefGroup = E6C513E7243EC57300B16CA2 /* Products */;
			projectDirPath = "";
			projectRoot = "";
			targets = (
				E6C513E5243EC57300B16CA2 /* codeTutorial_contextMenu */,
				E6C513FE243EC57600B16CA2 /* codeTutorial_contextMenuTests */,
				E6C51409243EC57600B16CA2 /* codeTutorial_contextMenuUITests */,
			);
		};
/* End PBXProject section */

/* Begin PBXResourcesBuildPhase section */
		E6C513E4243EC57300B16CA2 /* Resources */ = {
			isa = PBXResourcesBuildPhase;
			buildActionMask = 2147483647;
			files = (
				E6C513F9243EC57600B16CA2 /* LaunchScreen.storyboard in Resources */,
				E6C513F6243EC57600B16CA2 /* Preview Assets.xcassets in Resources */,
				E6C513F3243EC57600B16CA2 /* Assets.xcassets in Resources */,
			);
			runOnlyForDeploymentPostprocessing = 0;
		};
		E6C513FD243EC57600B16CA2 /* Resources */ = {
			isa = PBXResourcesBuildPhase;
			buildActionMask = 2147483647;
			files = (
			);
			runOnlyForDeploymentPostprocessing = 0;
		};
		E6C51408243EC57600B16CA2 /* Resources */ = {
			isa = PBXResourcesBuildPhase;
			buildActionMask = 2147483647;
			files = (
			);
			runOnlyForDeploymentPostprocessing = 0;
		};
/* End PBXResourcesBuildPhase section */

/* Begin PBXSourcesBuildPhase section */
		E6C513E2243EC57300B16CA2 /* Sources */ = {
			isa = PBXSourcesBuildPhase;
			buildActionMask = 2147483647;
			files = (
				E6C513EA243EC57300B16CA2 /* AppDelegate.swift in Sources */,
				E6C513EF243EC57300B16CA2 /* codeTutorial_contextMenu.xcdatamodeld in Sources */,
				E6C513F1243EC57300B16CA2 /* ContentView.swift in Sources */,
				E6C513EC243EC57300B16CA2 /* SceneDelegate.swift in Sources */,
			);
			runOnlyForDeploymentPostprocessing = 0;
		};
		E6C513FB243EC57600B16CA2 /* Sources */ = {
			isa = PBXSourcesBuildPhase;
			buildActionMask = 2147483647;
			files = (
				E6C51404243EC57600B16CA2 /* codeTutorial_contextMenuTests.swift in Sources */,
			);
			runOnlyForDeploymentPostprocessing = 0;
		};
		E6C51406243EC57600B16CA2 /* Sources */ = {
			isa = PBXSourcesBuildPhase;
			buildActionMask = 2147483647;
			files = (
				E6C5140F243EC57600B16CA2 /* codeTutorial_contextMenuUITests.swift in Sources */,
			);
			runOnlyForDeploymentPostprocessing = 0;
		};
/* End PBXSourcesBuildPhase section */

/* Begin PBXTargetDependency section */
		E6C51401243EC57600B16CA2 /* PBXTargetDependency */ = {
			isa = PBXTargetDependency;
			target = E6C513E5243EC57300B16CA2 /* codeTutorial_contextMenu */;
			targetProxy = E6C51400243EC57600B16CA2 /* PBXContainerItemProxy */;
		};
		E6C5140C243EC57600B16CA2 /* PBXTargetDependency */ = {
			isa = PBXTargetDependency;
			target = E6C513E5243EC57300B16CA2 /* codeTutorial_contextMenu */;
			targetProxy = E6C5140B243EC57600B16CA2 /* PBXContainerItemProxy */;
		};
/* End PBXTargetDependency section */

/* Begin PBXVariantGroup section */
		E6C513F7243EC57600B16CA2 /* LaunchScreen.storyboard */ = {
			isa = PBXVariantGroup;
			children = (
				E6C513F8243EC57600B16CA2 /* Base */,
			);
			name = LaunchScreen.storyboard;
			sourceTree = "<group>";
		};
/* End PBXVariantGroup section */

/* Begin XCBuildConfiguration section */
		E6C51411243EC57600B16CA2 /* Debug */ = {
			isa = XCBuildConfiguration;
			buildSettings = {
				ALWAYS_SEARCH_USER_PATHS = NO;
				CLANG_ANALYZER_NONNULL = YES;
				CLANG_ANALYZER_NUMBER_OBJECT_CONVERSION = YES_AGGRESSIVE;
				CLANG_CXX_LANGUAGE_STANDARD = "gnu++14";
				CLANG_CXX_LIBRARY = "libc++";
				CLANG_ENABLE_MODULES = YES;
				CLANG_ENABLE_OBJC_ARC = YES;
				CLANG_ENABLE_OBJC_WEAK = YES;
				CLANG_WARN_BLOCK_CAPTURE_AUTORELEASING = YES;
				CLANG_WARN_BOOL_CONVERSION = YES;
				CLANG_WARN_COMMA = YES;
				CLANG_WARN_CONSTANT_CONVERSION = YES;
				CLANG_WARN_DEPRECATED_OBJC_IMPLEMENTATIONS = YES;
				CLANG_WARN_DIRECT_OBJC_ISA_USAGE = YES_ERROR;
				CLANG_WARN_DOCUMENTATION_COMMENTS = YES;
				CLANG_WARN_EMPTY_BODY = YES;
				CLANG_WARN_ENUM_CONVERSION = YES;
				CLANG_WARN_INFINITE_RECURSION = YES;
				CLANG_WARN_INT_CONVERSION = YES;
				CLANG_WARN_NON_LITERAL_NULL_CONVERSION = YES;
				CLANG_WARN_OBJC_IMPLICIT_RETAIN_SELF = YES;
				CLANG_WARN_OBJC_LITERAL_CONVERSION = YES;
				CLANG_WARN_OBJC_ROOT_CLASS = YES_ERROR;
				CLANG_WARN_QUOTED_INCLUDE_IN_FRAMEWORK_HEADER = YES;
				CLANG_WARN_RANGE_LOOP_ANALYSIS = YES;
				CLANG_WARN_STRICT_PROTOTYPES = YES;
				CLANG_WARN_SUSPICIOUS_MOVE = YES;
				CLANG_WARN_UNGUARDED_AVAILABILITY = YES_AGGRESSIVE;
				CLANG_WARN_UNREACHABLE_CODE = YES;
				CLANG_WARN__DUPLICATE_METHOD_MATCH = YES;
				COPY_PHASE_STRIP = NO;
				DEBUG_INFORMATION_FORMAT = dwarf;
				ENABLE_STRICT_OBJC_MSGSEND = YES;
				ENABLE_TESTABILITY = YES;
				GCC_C_LANGUAGE_STANDARD = gnu11;
				GCC_DYNAMIC_NO_PIC = NO;
				GCC_NO_COMMON_BLOCKS = YES;
				GCC_OPTIMIZATION_LEVEL = 0;
				GCC_PREPROCESSOR_DEFINITIONS = (
					"DEBUG=1",
					"$(inherited)",
				);
				GCC_WARN_64_TO_32_BIT_CONVERSION = YES;
				GCC_WARN_ABOUT_RETURN_TYPE = YES_ERROR;
				GCC_WARN_UNDECLARED_SELECTOR = YES;
				GCC_WARN_UNINITIALIZED_AUTOS = YES_AGGRESSIVE;
				GCC_WARN_UNUSED_FUNCTION = YES;
				GCC_WARN_UNUSED_VARIABLE = YES;
				IPHONEOS_DEPLOYMENT_TARGET = 13.2;
				MTL_ENABLE_DEBUG_INFO = INCLUDE_SOURCE;
				MTL_FAST_MATH = YES;
				ONLY_ACTIVE_ARCH = YES;
				SDKROOT = iphoneos;
				SWIFT_ACTIVE_COMPILATION_CONDITIONS = DEBUG;
				SWIFT_OPTIMIZATION_LEVEL = "-Onone";
			};
			name = Debug;
		};
		E6C51412243EC57600B16CA2 /* Release */ = {
			isa = XCBuildConfiguration;
			buildSettings = {
				ALWAYS_SEARCH_USER_PATHS = NO;
				CLANG_ANALYZER_NONNULL = YES;
				CLANG_ANALYZER_NUMBER_OBJECT_CONVERSION = YES_AGGRESSIVE;
				CLANG_CXX_LANGUAGE_STANDARD = "gnu++14";
				CLANG_CXX_LIBRARY = "libc++";
				CLANG_ENABLE_MODULES = YES;
				CLANG_ENABLE_OBJC_ARC = YES;
				CLANG_ENABLE_OBJC_WEAK = YES;
				CLANG_WARN_BLOCK_CAPTURE_AUTORELEASING = YES;
				CLANG_WARN_BOOL_CONVERSION = YES;
				CLANG_WARN_COMMA = YES;
				CLANG_WARN_CONSTANT_CONVERSION = YES;
				CLANG_WARN_DEPRECATED_OBJC_IMPLEMENTATIONS = YES;
				CLANG_WARN_DIRECT_OBJC_ISA_USAGE = YES_ERROR;
				CLANG_WARN_DOCUMENTATION_COMMENTS = YES;
				CLANG_WARN_EMPTY_BODY = YES;
				CLANG_WARN_ENUM_CONVERSION = YES;
				CLANG_WARN_INFINITE_RECURSION = YES;
				CLANG_WARN_INT_CONVERSION = YES;
				CLANG_WARN_NON_LITERAL_NULL_CONVERSION = YES;
				CLANG_WARN_OBJC_IMPLICIT_RETAIN_SELF = YES;
				CLANG_WARN_OBJC_LITERAL_CONVERSION = YES;
				CLANG_WARN_OBJC_ROOT_CLASS = YES_ERROR;
				CLANG_WARN_QUOTED_INCLUDE_IN_FRAMEWORK_HEADER = YES;
				CLANG_WARN_RANGE_LOOP_ANALYSIS = YES;
				CLANG_WARN_STRICT_PROTOTYPES = YES;
				CLANG_WARN_SUSPICIOUS_MOVE = YES;
				CLANG_WARN_UNGUARDED_AVAILABILITY = YES_AGGRESSIVE;
				CLANG_WARN_UNREACHABLE_CODE = YES;
				CLANG_WARN__DUPLICATE_METHOD_MATCH = YES;
				COPY_PHASE_STRIP = NO;
				DEBUG_INFORMATION_FORMAT = "dwarf-with-dsym";
				ENABLE_NS_ASSERTIONS = NO;
				ENABLE_STRICT_OBJC_MSGSEND = YES;
				GCC_C_LANGUAGE_STANDARD = gnu11;
				GCC_NO_COMMON_BLOCKS = YES;
				GCC_WARN_64_TO_32_BIT_CONVERSION = YES;
				GCC_WARN_ABOUT_RETURN_TYPE = YES_ERROR;
				GCC_WARN_UNDECLARED_SELECTOR = YES;
				GCC_WARN_UNINITIALIZED_AUTOS = YES_AGGRESSIVE;
				GCC_WARN_UNUSED_FUNCTION = YES;
				GCC_WARN_UNUSED_VARIABLE = YES;
				IPHONEOS_DEPLOYMENT_TARGET = 13.2;
				MTL_ENABLE_DEBUG_INFO = NO;
				MTL_FAST_MATH = YES;
				SDKROOT = iphoneos;
				SWIFT_COMPILATION_MODE = wholemodule;
				SWIFT_OPTIMIZATION_LEVEL = "-O";
				VALIDATE_PRODUCT = YES;
			};
			name = Release;
		};
		E6C51414243EC57600B16CA2 /* Debug */ = {
			isa = XCBuildConfiguration;
			buildSettings = {
				ASSETCATALOG_COMPILER_APPICON_NAME = AppIcon;
				CODE_SIGN_STYLE = Automatic;
				DEVELOPMENT_ASSET_PATHS = "\"codeTutorial_contextMenu/Preview Content\"";
				DEVELOPMENT_TEAM = 5XM4EJ4QC3;
				ENABLE_PREVIEWS = YES;
				INFOPLIST_FILE = codeTutorial_contextMenu/Info.plist;
				LD_RUNPATH_SEARCH_PATHS = (
					"$(inherited)",
					"@executable_path/Frameworks",
				);
				PRODUCT_BUNDLE_IDENTIFIER = "chrisGuirguis.codeTutorial-contextMenu";
				PRODUCT_NAME = "$(TARGET_NAME)";
				SWIFT_VERSION = 5.0;
				TARGETED_DEVICE_FAMILY = "1,2";
			};
			name = Debug;
		};
		E6C51415243EC57600B16CA2 /* Release */ = {
			isa = XCBuildConfiguration;
			buildSettings = {
				ASSETCATALOG_COMPILER_APPICON_NAME = AppIcon;
				CODE_SIGN_STYLE = Automatic;
				DEVELOPMENT_ASSET_PATHS = "\"codeTutorial_contextMenu/Preview Content\"";
				DEVELOPMENT_TEAM = 5XM4EJ4QC3;
				ENABLE_PREVIEWS = YES;
				INFOPLIST_FILE = codeTutorial_contextMenu/Info.plist;
				LD_RUNPATH_SEARCH_PATHS = (
					"$(inherited)",
					"@executable_path/Frameworks",
				);
				PRODUCT_BUNDLE_IDENTIFIER = "chrisGuirguis.codeTutorial-contextMenu";
				PRODUCT_NAME = "$(TARGET_NAME)";
				SWIFT_VERSION = 5.0;
				TARGETED_DEVICE_FAMILY = "1,2";
			};
			name = Release;
		};
		E6C51417243EC57600B16CA2 /* Debug */ = {
			isa = XCBuildConfiguration;
			buildSettings = {
				ALWAYS_EMBED_SWIFT_STANDARD_LIBRARIES = YES;
				BUNDLE_LOADER = "$(TEST_HOST)";
				CODE_SIGN_STYLE = Automatic;
				DEVELOPMENT_TEAM = 5XM4EJ4QC3;
				INFOPLIST_FILE = codeTutorial_contextMenuTests/Info.plist;
				IPHONEOS_DEPLOYMENT_TARGET = 13.2;
				LD_RUNPATH_SEARCH_PATHS = (
					"$(inherited)",
					"@executable_path/Frameworks",
					"@loader_path/Frameworks",
				);
				PRODUCT_BUNDLE_IDENTIFIER = "chrisGuirguis.codeTutorial-contextMenuTests";
				PRODUCT_NAME = "$(TARGET_NAME)";
				SWIFT_VERSION = 5.0;
				TARGETED_DEVICE_FAMILY = "1,2";
				TEST_HOST = "$(BUILT_PRODUCTS_DIR)/codeTutorial_contextMenu.app/codeTutorial_contextMenu";
			};
			name = Debug;
		};
		E6C51418243EC57600B16CA2 /* Release */ = {
			isa = XCBuildConfiguration;
			buildSettings = {
				ALWAYS_EMBED_SWIFT_STANDARD_LIBRARIES = YES;
				BUNDLE_LOADER = "$(TEST_HOST)";
				CODE_SIGN_STYLE = Automatic;
				DEVELOPMENT_TEAM = 5XM4EJ4QC3;
				INFOPLIST_FILE = codeTutorial_contextMenuTests/Info.plist;
				IPHONEOS_DEPLOYMENT_TARGET = 13.2;
				LD_RUNPATH_SEARCH_PATHS = (
					"$(inherited)",
					"@executable_path/Frameworks",
					"@loader_path/Frameworks",
				);
				PRODUCT_BUNDLE_IDENTIFIER = "chrisGuirguis.codeTutorial-contextMenuTests";
				PRODUCT_NAME = "$(TARGET_NAME)";
				SWIFT_VERSION = 5.0;
				TARGETED_DEVICE_FAMILY = "1,2";
				TEST_HOST = "$(BUILT_PRODUCTS_DIR)/codeTutorial_contextMenu.app/codeTutorial_contextMenu";
			};
			name = Release;
		};
		E6C5141A243EC57600B16CA2 /* Debug */ = {
			isa = XCBuildConfiguration;
			buildSettings = {
				ALWAYS_EMBED_SWIFT_STANDARD_LIBRARIES = YES;
				CODE_SIGN_STYLE = Automatic;
				DEVELOPMENT_TEAM = 5XM4EJ4QC3;
				INFOPLIST_FILE = codeTutorial_contextMenuUITests/Info.plist;
				LD_RUNPATH_SEARCH_PATHS = (
					"$(inherited)",
					"@executable_path/Frameworks",
					"@loader_path/Frameworks",
				);
				PRODUCT_BUNDLE_IDENTIFIER = "chrisGuirguis.codeTutorial-contextMenuUITests";
				PRODUCT_NAME = "$(TARGET_NAME)";
				SWIFT_VERSION = 5.0;
				TARGETED_DEVICE_FAMILY = "1,2";
				TEST_TARGET_NAME = codeTutorial_contextMenu;
			};
			name = Debug;
		};
		E6C5141B243EC57600B16CA2 /* Release */ = {
			isa = XCBuildConfiguration;
			buildSettings = {
				ALWAYS_EMBED_SWIFT_STANDARD_LIBRARIES = YES;
				CODE_SIGN_STYLE = Automatic;
				DEVELOPMENT_TEAM = 5XM4EJ4QC3;
				INFOPLIST_FILE = codeTutorial_contextMenuUITests/Info.plist;
				LD_RUNPATH_SEARCH_PATHS = (
					"$(inherited)",
					"@executable_path/Frameworks",
					"@loader_path/Frameworks",
				);
				PRODUCT_BUNDLE_IDENTIFIER = "chrisGuirguis.codeTutorial-contextMenuUITests";
				PRODUCT_NAME = "$(TARGET_NAME)";
				SWIFT_VERSION = 5.0;
				TARGETED_DEVICE_FAMILY = "1,2";
				TEST_TARGET_NAME = codeTutorial_contextMenu;
			};
			name = Release;
		};
/* End XCBuildConfiguration section */

/* Begin XCConfigurationList section */
		E6C513E1243EC57300B16CA2 /* Build configuration list for PBXProject "codeTutorial_contextMenu" */ = {
			isa = XCConfigurationList;
			buildConfigurations = (
				E6C51411243EC57600B16CA2 /* Debug */,
				E6C51412243EC57600B16CA2 /* Release */,
			);
			defaultConfigurationIsVisible = 0;
			defaultConfigurationName = Release;
		};
		E6C51413243EC57600B16CA2 /* Build configuration list for PBXNativeTarget "codeTutorial_contextMenu" */ = {
			isa = XCConfigurationList;
			buildConfigurations = (
				E6C51414243EC57600B16CA2 /* Debug */,
				E6C51415243EC57600B16CA2 /* Release */,
			);
			defaultConfigurationIsVisible = 0;
			defaultConfigurationName = Release;
		};
		E6C51416243EC57600B16CA2 /* Build configuration list for PBXNativeTarget "codeTutorial_contextMenuTests" */ = {
			isa = XCConfigurationList;
			buildConfigurations = (
				E6C51417243EC57600B16CA2 /* Debug */,
				E6C51418243EC57600B16CA2 /* Release */,
			);
			defaultConfigurationIsVisible = 0;
			defaultConfigurationName = Release;
		};
		E6C51419243EC57600B16CA2 /* Build configuration list for PBXNativeTarget "codeTutorial_contextMenuUITests" */ = {
			isa = XCConfigurationList;
			buildConfigurations = (
				E6C5141A243EC57600B16CA2 /* Debug */,
				E6C5141B243EC57600B16CA2 /* Release */,
			);
			defaultConfigurationIsVisible = 0;
			defaultConfigurationName = Release;
		};
/* End XCConfigurationList section */

/* Begin XCVersionGroup section */
		E6C513ED243EC57300B16CA2 /* codeTutorial_contextMenu.xcdatamodeld */ = {
			isa = XCVersionGroup;
			children = (
				E6C513EE243EC57300B16CA2 /* codeTutorial_contextMenu.xcdatamodel */,
			);
			currentVersion = E6C513EE243EC57300B16CA2 /* codeTutorial_contextMenu.xcdatamodel */;
			path = codeTutorial_contextMenu.xcdatamodeld;
			sourceTree = "<group>";
			versionGroupType = wrapper.xcdatamodel;
		};
/* End XCVersionGroup section */
	};
	rootObject = E6C513DE243EC57200B16CA2 /* Project object */;
}
