{
  "object": {
    "pins": [
      {
        "package": "PermissionsSwiftUI",
        "repositoryURL": "https://github.com/jevonmao/PermissionsSwiftUI",
        "state": {
          "branch": null,
          "revision": "6762c9ee560b037d6c683978b5d53a3304f9230d",
          "version": "1.0.1"
        }
      }
    ]
  },
  "version": 1
}
