// !$*UTF8*$!
{
	archiveVersion = 1;
	classes = {
	};
	objectVersion = 50;
	objects = {

/* Begin PBXBuildFile section */
		939E5E3D251327A300C70FE7 /* AppDelegate.swift in Sources */ = {isa = PBXBuildFile; fileRef = 939E5E3C251327A300C70FE7 /* AppDelegate.swift */; };
		939E5E3F251327A300C70FE7 /* SceneDelegate.swift in Sources */ = {isa = PBXBuildFile; fileRef = 939E5E3E251327A300C70FE7 /* SceneDelegate.swift */; };
		939E5E42251327A300C70FE7 /* CoreDataJSON.xcdatamodeld in Sources */ = {isa = PBXBuildFile; fileRef = 939E5E40251327A300C70FE7 /* CoreDataJSON.xcdatamodeld */; };
		939E5E44251327A300C70FE7 /* ContentView.swift in Sources */ = {isa = PBXBuildFile; fileRef = 939E5E43251327A300C70FE7 /* ContentView.swift */; };
		939E5E46251327A600C70FE7 /* Assets.xcassets in Resources */ = {isa = PBXBuildFile; fileRef = 939E5E45251327A600C70FE7 /* Assets.xcassets */; };
		939E5E49251327A600C70FE7 /* Preview Assets.xcassets in Resources */ = {isa = PBXBuildFile; fileRef = 939E5E48251327A600C70FE7 /* Preview Assets.xcassets */; };
		939E5E4C251327A600C70FE7 /* LaunchScreen.storyboard in Resources */ = {isa = PBXBuildFile; fileRef = 939E5E4A251327A600C70FE7 /* LaunchScreen.storyboard */; };
		939E5E57251327A600C70FE7 /* CoreDataJSONTests.swift in Sources */ = {isa = PBXBuildFile; fileRef = 939E5E56251327A600C70FE7 /* CoreDataJSONTests.swift */; };
		939E5E62251327A600C70FE7 /* CoreDataJSONUITests.swift in Sources */ = {isa = PBXBuildFile; fileRef = 939E5E61251327A600C70FE7 /* CoreDataJSONUITests.swift */; };
		93EFD24B25257B3C00837F79 /* Friend+CoreDataClass.swift in Sources */ = {isa = PBXBuildFile; fileRef = 93EFD24725257B3C00837F79 /* Friend+CoreDataClass.swift */; };
		93EFD24D25257B3C00837F79 /* User+CoreDataClass.swift in Sources */ = {isa = PBXBuildFile; fileRef = 93EFD24925257B3C00837F79 /* User+CoreDataClass.swift */; };
		93EFD252252588F300837F79 /* UserDetailView.swift in Sources */ = {isa = PBXBuildFile; fileRef = 93EFD251252588F300837F79 /* UserDetailView.swift */; };
/* End PBXBuildFile section */

/* Begin PBXContainerItemProxy section */
		939E5E53251327A600C70FE7 /* PBXContainerItemProxy */ = {
			isa = PBXContainerItemProxy;
			containerPortal = 939E5E31251327A300C70FE7 /* Project object */;
			proxyType = 1;
			remoteGlobalIDString = 939E5E38251327A300C70FE7;
			remoteInfo = CoreDataJSON;
		};
		939E5E5E251327A600C70FE7 /* PBXContainerItemProxy */ = {
			isa = PBXContainerItemProxy;
			containerPortal = 939E5E31251327A300C70FE7 /* Project object */;
			proxyType = 1;
			remoteGlobalIDString = 939E5E38251327A300C70FE7;
			remoteInfo = CoreDataJSON;
		};
/* End PBXContainerItemProxy section */

/* Begin PBXFileReference section */
		939E5E39251327A300C70FE7 /* CoreDataJSON.app */ = {isa = PBXFileReference; explicitFileType = wrapper.application; includeInIndex = 0; path = CoreDataJSON.app; sourceTree = BUILT_PRODUCTS_DIR; };
		939E5E3C251327A300C70FE7 /* AppDelegate.swift */ = {isa = PBXFileReference; lastKnownFileType = sourcecode.swift; path = AppDelegate.swift; sourceTree = "<group>"; };
		939E5E3E251327A300C70FE7 /* SceneDelegate.swift */ = {isa = PBXFileReference; lastKnownFileType = sourcecode.swift; path = SceneDelegate.swift; sourceTree = "<group>"; };
		939E5E41251327A300C70FE7 /* CoreDataJSON.xcdatamodel */ = {isa = PBXFileReference; lastKnownFileType = wrapper.xcdatamodel; path = CoreDataJSON.xcdatamodel; sourceTree = "<group>"; };
		939E5E43251327A300C70FE7 /* ContentView.swift */ = {isa = PBXFileReference; lastKnownFileType = sourcecode.swift; path = ContentView.swift; sourceTree = "<group>"; };
		939E5E45251327A600C70FE7 /* Assets.xcassets */ = {isa = PBXFileReference; lastKnownFileType = folder.assetcatalog; path = Assets.xcassets; sourceTree = "<group>"; };
		939E5E48251327A600C70FE7 /* Preview Assets.xcassets */ = {isa = PBXFileReference; lastKnownFileType = folder.assetcatalog; path = "Preview Assets.xcassets"; sourceTree = "<group>"; };
		939E5E4B251327A600C70FE7 /* Base */ = {isa = PBXFileReference; lastKnownFileType = file.storyboard; name = Base; path = Base.lproj/LaunchScreen.storyboard; sourceTree = "<group>"; };
		939E5E4D251327A600C70FE7 /* Info.plist */ = {isa = PBXFileReference; lastKnownFileType = text.plist.xml; path = Info.plist; sourceTree = "<group>"; };
		939E5E52251327A600C70FE7 /* CoreDataJSONTests.xctest */ = {isa = PBXFileReference; explicitFileType = wrapper.cfbundle; includeInIndex = 0; path = CoreDataJSONTests.xctest; sourceTree = BUILT_PRODUCTS_DIR; };
		939E5E56251327A600C70FE7 /* CoreDataJSONTests.swift */ = {isa = PBXFileReference; lastKnownFileType = sourcecode.swift; path = CoreDataJSONTests.swift; sourceTree = "<group>"; };
		939E5E58251327A600C70FE7 /* Info.plist */ = {isa = PBXFileReference; lastKnownFileType = text.plist.xml; path = Info.plist; sourceTree = "<group>"; };
		939E5E5D251327A600C70FE7 /* CoreDataJSONUITests.xctest */ = {isa = PBXFileReference; explicitFileType = wrapper.cfbundle; includeInIndex = 0; path = CoreDataJSONUITests.xctest; sourceTree = BUILT_PRODUCTS_DIR; };
		939E5E61251327A600C70FE7 /* CoreDataJSONUITests.swift */ = {isa = PBXFileReference; lastKnownFileType = sourcecode.swift; path = CoreDataJSONUITests.swift; sourceTree = "<group>"; };
		939E5E63251327A600C70FE7 /* Info.plist */ = {isa = PBXFileReference; lastKnownFileType = text.plist.xml; path = Info.plist; sourceTree = "<group>"; };
		93EFD24725257B3C00837F79 /* Friend+CoreDataClass.swift */ = {isa = PBXFileReference; lastKnownFileType = sourcecode.swift; path = "Friend+CoreDataClass.swift"; sourceTree = "<group>"; };
		93EFD24925257B3C00837F79 /* User+CoreDataClass.swift */ = {isa = PBXFileReference; lastKnownFileType = sourcecode.swift; path = "User+CoreDataClass.swift"; sourceTree = "<group>"; };
		93EFD251252588F300837F79 /* UserDetailView.swift */ = {isa = PBXFileReference; lastKnownFileType = sourcecode.swift; path = UserDetailView.swift; sourceTree = "<group>"; };
/* End PBXFileReference section */

/* Begin PBXFrameworksBuildPhase section */
		939E5E36251327A300C70FE7 /* Frameworks */ = {
			isa = PBXFrameworksBuildPhase;
			buildActionMask = 2147483647;
			files = (
			);
			runOnlyForDeploymentPostprocessing = 0;
		};
		939E5E4F251327A600C70FE7 /* Frameworks */ = {
			isa = PBXFrameworksBuildPhase;
			buildActionMask = 2147483647;
			files = (
			);
			runOnlyForDeploymentPostprocessing = 0;
		};
		939E5E5A251327A600C70FE7 /* Frameworks */ = {
			isa = PBXFrameworksBuildPhase;
			buildActionMask = 2147483647;
			files = (
			);
			runOnlyForDeploymentPostprocessing = 0;
		};
/* End PBXFrameworksBuildPhase section */

/* Begin PBXGroup section */
		939E5E30251327A300C70FE7 = {
			isa = PBXGroup;
			children = (
				939E5E3B251327A300C70FE7 /* CoreDataJSON */,
				939E5E55251327A600C70FE7 /* CoreDataJSONTests */,
				939E5E60251327A600C70FE7 /* CoreDataJSONUITests */,
				939E5E3A251327A300C70FE7 /* Products */,
			);
			sourceTree = "<group>";
		};
		939E5E3A251327A300C70FE7 /* Products */ = {
			isa = PBXGroup;
			children = (
				939E5E39251327A300C70FE7 /* CoreDataJSON.app */,
				939E5E52251327A600C70FE7 /* CoreDataJSONTests.xctest */,
				939E5E5D251327A600C70FE7 /* CoreDataJSONUITests.xctest */,
			);
			name = Products;
			sourceTree = "<group>";
		};
		939E5E3B251327A300C70FE7 /* CoreDataJSON */ = {
			isa = PBXGroup;
			children = (
				939E5E77251329BD00C70FE7 /* Model */,
				939E5E3C251327A300C70FE7 /* AppDelegate.swift */,
				939E5E3E251327A300C70FE7 /* SceneDelegate.swift */,
				939E5E43251327A300C70FE7 /* ContentView.swift */,
				93EFD251252588F300837F79 /* UserDetailView.swift */,
				939E5E45251327A600C70FE7 /* Assets.xcassets */,
				939E5E4A251327A600C70FE7 /* LaunchScreen.storyboard */,
				939E5E4D251327A600C70FE7 /* Info.plist */,
				939E5E40251327A300C70FE7 /* CoreDataJSON.xcdatamodeld */,
				939E5E47251327A600C70FE7 /* Preview Content */,
			);
			path = CoreDataJSON;
			sourceTree = "<group>";
		};
		939E5E47251327A600C70FE7 /* Preview Content */ = {
			isa = PBXGroup;
			children = (
				939E5E48251327A600C70FE7 /* Preview Assets.xcassets */,
			);
			path = "Preview Content";
			sourceTree = "<group>";
		};
		939E5E55251327A600C70FE7 /* CoreDataJSONTests */ = {
			isa = PBXGroup;
			children = (
				939E5E56251327A600C70FE7 /* CoreDataJSONTests.swift */,
				939E5E58251327A600C70FE7 /* Info.plist */,
			);
			path = CoreDataJSONTests;
			sourceTree = "<group>";
		};
		939E5E60251327A600C70FE7 /* CoreDataJSONUITests */ = {
			isa = PBXGroup;
			children = (
				939E5E61251327A600C70FE7 /* CoreDataJSONUITests.swift */,
				939E5E63251327A600C70FE7 /* Info.plist */,
			);
			path = CoreDataJSONUITests;
			sourceTree = "<group>";
		};
		939E5E77251329BD00C70FE7 /* Model */ = {
			isa = PBXGroup;
			children = (
				93EFD24725257B3C00837F79 /* Friend+CoreDataClass.swift */,
				93EFD24925257B3C00837F79 /* User+CoreDataClass.swift */,
			);
			path = Model;
			sourceTree = "<group>";
		};
/* End PBXGroup section */

/* Begin PBXNativeTarget section */
		939E5E38251327A300C70FE7 /* CoreDataJSON */ = {
			isa = PBXNativeTarget;
			buildConfigurationList = 939E5E66251327A600C70FE7 /* Build configuration list for PBXNativeTarget "CoreDataJSON" */;
			buildPhases = (
				939E5E35251327A300C70FE7 /* Sources */,
				939E5E36251327A300C70FE7 /* Frameworks */,
				939E5E37251327A300C70FE7 /* Resources */,
			);
			buildRules = (
			);
			dependencies = (
			);
			name = CoreDataJSON;
			productName = CoreDataJSON;
			productReference = 939E5E39251327A300C70FE7 /* CoreDataJSON.app */;
			productType = "com.apple.product-type.application";
		};
		939E5E51251327A600C70FE7 /* CoreDataJSONTests */ = {
			isa = PBXNativeTarget;
			buildConfigurationList = 939E5E69251327A600C70FE7 /* Build configuration list for PBXNativeTarget "CoreDataJSONTests" */;
			buildPhases = (
				939E5E4E251327A600C70FE7 /* Sources */,
				939E5E4F251327A600C70FE7 /* Frameworks */,
				939E5E50251327A600C70FE7 /* Resources */,
			);
			buildRules = (
			);
			dependencies = (
				939E5E54251327A600C70FE7 /* PBXTargetDependency */,
			);
			name = CoreDataJSONTests;
			productName = CoreDataJSONTests;
			productReference = 939E5E52251327A600C70FE7 /* CoreDataJSONTests.xctest */;
			productType = "com.apple.product-type.bundle.unit-test";
		};
		939E5E5C251327A600C70FE7 /* CoreDataJSONUITests */ = {
			isa = PBXNativeTarget;
			buildConfigurationList = 939E5E6C251327A600C70FE7 /* Build configuration list for PBXNativeTarget "CoreDataJSONUITests" */;
			buildPhases = (
				939E5E59251327A600C70FE7 /* Sources */,
				939E5E5A251327A600C70FE7 /* Frameworks */,
				939E5E5B251327A600C70FE7 /* Resources */,
			);
			buildRules = (
			);
			dependencies = (
				939E5E5F251327A600C70FE7 /* PBXTargetDependency */,
			);
			name = CoreDataJSONUITests;
			productName = CoreDataJSONUITests;
			productReference = 939E5E5D251327A600C70FE7 /* CoreDataJSONUITests.xctest */;
			productType = "com.apple.product-type.bundle.ui-testing";
		};
/* End PBXNativeTarget section */

/* Begin PBXProject section */
		939E5E31251327A300C70FE7 /* Project object */ = {
			isa = PBXProject;
			attributes = {
				LastSwiftUpdateCheck = 1200;
				LastUpgradeCheck = 1200;
				TargetAttributes = {
					939E5E38251327A300C70FE7 = {
						CreatedOnToolsVersion = 12.0;
					};
					939E5E51251327A600C70FE7 = {
						CreatedOnToolsVersion = 12.0;
						TestTargetID = 939E5E38251327A300C70FE7;
					};
					939E5E5C251327A600C70FE7 = {
						CreatedOnToolsVersion = 12.0;
						TestTargetID = 939E5E38251327A300C70FE7;
					};
				};
			};
			buildConfigurationList = 939E5E34251327A300C70FE7 /* Build configuration list for PBXProject "CoreDataJSON" */;
			compatibilityVersion = "Xcode 9.3";
			developmentRegion = en;
			hasScannedForEncodings = 0;
			knownRegions = (
				en,
				Base,
			);
			mainGroup = 939E5E30251327A300C70FE7;
			productRefGroup = 939E5E3A251327A300C70FE7 /* Products */;
			projectDirPath = "";
			projectRoot = "";
			targets = (
				939E5E38251327A300C70FE7 /* CoreDataJSON */,
				939E5E51251327A600C70FE7 /* CoreDataJSONTests */,
				939E5E5C251327A600C70FE7 /* CoreDataJSONUITests */,
			);
		};
/* End PBXProject section */

/* Begin PBXResourcesBuildPhase section */
		939E5E37251327A300C70FE7 /* Resources */ = {
			isa = PBXResourcesBuildPhase;
			buildActionMask = 2147483647;
			files = (
				939E5E4C251327A600C70FE7 /* LaunchScreen.storyboard in Resources */,
				939E5E49251327A600C70FE7 /* Preview Assets.xcassets in Resources */,
				939E5E46251327A600C70FE7 /* Assets.xcassets in Resources */,
			);
			runOnlyForDeploymentPostprocessing = 0;
		};
		939E5E50251327A600C70FE7 /* Resources */ = {
			isa = PBXResourcesBuildPhase;
			buildActionMask = 2147483647;
			files = (
			);
			runOnlyForDeploymentPostprocessing = 0;
		};
		939E5E5B251327A600C70FE7 /* Resources */ = {
			isa = PBXResourcesBuildPhase;
			buildActionMask = 2147483647;
			files = (
			);
			runOnlyForDeploymentPostprocessing = 0;
		};
/* End PBXResourcesBuildPhase section */

/* Begin PBXSourcesBuildPhase section */
		939E5E35251327A300C70FE7 /* Sources */ = {
			isa = PBXSourcesBuildPhase;
			buildActionMask = 2147483647;
			files = (
				939E5E42251327A300C70FE7 /* CoreDataJSON.xcdatamodeld in Sources */,
				939E5E3D251327A300C70FE7 /* AppDelegate.swift in Sources */,
				939E5E44251327A300C70FE7 /* ContentView.swift in Sources */,
				93EFD24D25257B3C00837F79 /* User+CoreDataClass.swift in Sources */,
				93EFD252252588F300837F79 /* UserDetailView.swift in Sources */,
				93EFD24B25257B3C00837F79 /* Friend+CoreDataClass.swift in Sources */,
				939E5E3F251327A300C70FE7 /* SceneDelegate.swift in Sources */,
			);
			runOnlyForDeploymentPostprocessing = 0;
		};
		939E5E4E251327A600C70FE7 /* Sources */ = {
			isa = PBXSourcesBuildPhase;
			buildActionMask = 2147483647;
			files = (
				939E5E57251327A600C70FE7 /* CoreDataJSONTests.swift in Sources */,
			);
			runOnlyForDeploymentPostprocessing = 0;
		};
		939E5E59251327A600C70FE7 /* Sources */ = {
			isa = PBXSourcesBuildPhase;
			buildActionMask = 2147483647;
			files = (
				939E5E62251327A600C70FE7 /* CoreDataJSONUITests.swift in Sources */,
			);
			runOnlyForDeploymentPostprocessing = 0;
		};
/* End PBXSourcesBuildPhase section */

/* Begin PBXTargetDependency section */
		939E5E54251327A600C70FE7 /* PBXTargetDependency */ = {
			isa = PBXTargetDependency;
			target = 939E5E38251327A300C70FE7 /* CoreDataJSON */;
			targetProxy = 939E5E53251327A600C70FE7 /* PBXContainerItemProxy */;
		};
		939E5E5F251327A600C70FE7 /* PBXTargetDependency */ = {
			isa = PBXTargetDependency;
			target = 939E5E38251327A300C70FE7 /* CoreDataJSON */;
			targetProxy = 939E5E5E251327A600C70FE7 /* PBXContainerItemProxy */;
		};
/* End PBXTargetDependency section */

/* Begin PBXVariantGroup section */
		939E5E4A251327A600C70FE7 /* LaunchScreen.storyboard */ = {
			isa = PBXVariantGroup;
			children = (
				939E5E4B251327A600C70FE7 /* Base */,
			);
			name = LaunchScreen.storyboard;
			sourceTree = "<group>";
		};
/* End PBXVariantGroup section */

/* Begin XCBuildConfiguration section */
		939E5E64251327A600C70FE7 /* Debug */ = {
			isa = XCBuildConfiguration;
			buildSettings = {
				ALWAYS_SEARCH_USER_PATHS = NO;
				CLANG_ANALYZER_NONNULL = YES;
				CLANG_ANALYZER_NUMBER_OBJECT_CONVERSION = YES_AGGRESSIVE;
				CLANG_CXX_LANGUAGE_STANDARD = "gnu++14";
				CLANG_CXX_LIBRARY = "libc++";
				CLANG_ENABLE_MODULES = YES;
				CLANG_ENABLE_OBJC_ARC = YES;
				CLANG_ENABLE_OBJC_WEAK = YES;
				CLANG_WARN_BLOCK_CAPTURE_AUTORELEASING = YES;
				CLANG_WARN_BOOL_CONVERSION = YES;
				CLANG_WARN_COMMA = YES;
				CLANG_WARN_CONSTANT_CONVERSION = YES;
				CLANG_WARN_DEPRECATED_OBJC_IMPLEMENTATIONS = YES;
				CLANG_WARN_DIRECT_OBJC_ISA_USAGE = YES_ERROR;
				CLANG_WARN_DOCUMENTATION_COMMENTS = YES;
				CLANG_WARN_EMPTY_BODY = YES;
				CLANG_WARN_ENUM_CONVERSION = YES;
				CLANG_WARN_INFINITE_RECURSION = YES;
				CLANG_WARN_INT_CONVERSION = YES;
				CLANG_WARN_NON_LITERAL_NULL_CONVERSION = YES;
				CLANG_WARN_OBJC_IMPLICIT_RETAIN_SELF = YES;
				CLANG_WARN_OBJC_LITERAL_CONVERSION = YES;
				CLANG_WARN_OBJC_ROOT_CLASS = YES_ERROR;
				CLANG_WARN_QUOTED_INCLUDE_IN_FRAMEWORK_HEADER = YES;
				CLANG_WARN_RANGE_LOOP_ANALYSIS = YES;
				CLANG_WARN_STRICT_PROTOTYPES = YES;
				CLANG_WARN_SUSPICIOUS_MOVE = YES;
				CLANG_WARN_UNGUARDED_AVAILABILITY = YES_AGGRESSIVE;
				CLANG_WARN_UNREACHABLE_CODE = YES;
				CLANG_WARN__DUPLICATE_METHOD_MATCH = YES;
				COPY_PHASE_STRIP = NO;
				DEBUG_INFORMATION_FORMAT = dwarf;
				ENABLE_STRICT_OBJC_MSGSEND = YES;
				ENABLE_TESTABILITY = YES;
				GCC_C_LANGUAGE_STANDARD = gnu11;
				GCC_DYNAMIC_NO_PIC = NO;
				GCC_NO_COMMON_BLOCKS = YES;
				GCC_OPTIMIZATION_LEVEL = 0;
				GCC_PREPROCESSOR_DEFINITIONS = (
					"DEBUG=1",
					"$(inherited)",
				);
				GCC_WARN_64_TO_32_BIT_CONVERSION = YES;
				GCC_WARN_ABOUT_RETURN_TYPE = YES_ERROR;
				GCC_WARN_UNDECLARED_SELECTOR = YES;
				GCC_WARN_UNINITIALIZED_AUTOS = YES_AGGRESSIVE;
				GCC_WARN_UNUSED_FUNCTION = YES;
				GCC_WARN_UNUSED_VARIABLE = YES;
				IPHONEOS_DEPLOYMENT_TARGET = 14.0;
				MTL_ENABLE_DEBUG_INFO = INCLUDE_SOURCE;
				MTL_FAST_MATH = YES;
				ONLY_ACTIVE_ARCH = YES;
				SDKROOT = iphoneos;
				SWIFT_ACTIVE_COMPILATION_CONDITIONS = DEBUG;
				SWIFT_OPTIMIZATION_LEVEL = "-Onone";
			};
			name = Debug;
		};
		939E5E65251327A600C70FE7 /* Release */ = {
			isa = XCBuildConfiguration;
			buildSettings = {
				ALWAYS_SEARCH_USER_PATHS = NO;
				CLANG_ANALYZER_NONNULL = YES;
				CLANG_ANALYZER_NUMBER_OBJECT_CONVERSION = YES_AGGRESSIVE;
				CLANG_CXX_LANGUAGE_STANDARD = "gnu++14";
				CLANG_CXX_LIBRARY = "libc++";
				CLANG_ENABLE_MODULES = YES;
				CLANG_ENABLE_OBJC_ARC = YES;
				CLANG_ENABLE_OBJC_WEAK = YES;
				CLANG_WARN_BLOCK_CAPTURE_AUTORELEASING = YES;
				CLANG_WARN_BOOL_CONVERSION = YES;
				CLANG_WARN_COMMA = YES;
				CLANG_WARN_CONSTANT_CONVERSION = YES;
				CLANG_WARN_DEPRECATED_OBJC_IMPLEMENTATIONS = YES;
				CLANG_WARN_DIRECT_OBJC_ISA_USAGE = YES_ERROR;
				CLANG_WARN_DOCUMENTATION_COMMENTS = YES;
				CLANG_WARN_EMPTY_BODY = YES;
				CLANG_WARN_ENUM_CONVERSION = YES;
				CLANG_WARN_INFINITE_RECURSION = YES;
				CLANG_WARN_INT_CONVERSION = YES;
				CLANG_WARN_NON_LITERAL_NULL_CONVERSION = YES;
				CLANG_WARN_OBJC_IMPLICIT_RETAIN_SELF = YES;
				CLANG_WARN_OBJC_LITERAL_CONVERSION = YES;
				CLANG_WARN_OBJC_ROOT_CLASS = YES_ERROR;
				CLANG_WARN_QUOTED_INCLUDE_IN_FRAMEWORK_HEADER = YES;
				CLANG_WARN_RANGE_LOOP_ANALYSIS = YES;
				CLANG_WARN_STRICT_PROTOTYPES = YES;
				CLANG_WARN_SUSPICIOUS_MOVE = YES;
				CLANG_WARN_UNGUARDED_AVAILABILITY = YES_AGGRESSIVE;
				CLANG_WARN_UNREACHABLE_CODE = YES;
				CLANG_WARN__DUPLICATE_METHOD_MATCH = YES;
				COPY_PHASE_STRIP = NO;
				DEBUG_INFORMATION_FORMAT = "dwarf-with-dsym";
				ENABLE_NS_ASSERTIONS = NO;
				ENABLE_STRICT_OBJC_MSGSEND = YES;
				GCC_C_LANGUAGE_STANDARD = gnu11;
				GCC_NO_COMMON_BLOCKS = YES;
				GCC_WARN_64_TO_32_BIT_CONVERSION = YES;
				GCC_WARN_ABOUT_RETURN_TYPE = YES_ERROR;
				GCC_WARN_UNDECLARED_SELECTOR = YES;
				GCC_WARN_UNINITIALIZED_AUTOS = YES_AGGRESSIVE;
				GCC_WARN_UNUSED_FUNCTION = YES;
				GCC_WARN_UNUSED_VARIABLE = YES;
				IPHONEOS_DEPLOYMENT_TARGET = 14.0;
				MTL_ENABLE_DEBUG_INFO = NO;
				MTL_FAST_MATH = YES;
				SDKROOT = iphoneos;
				SWIFT_COMPILATION_MODE = wholemodule;
				SWIFT_OPTIMIZATION_LEVEL = "-O";
				VALIDATE_PRODUCT = YES;
			};
			name = Release;
		};
		939E5E67251327A600C70FE7 /* Debug */ = {
			isa = XCBuildConfiguration;
			buildSettings = {
				ASSETCATALOG_COMPILER_APPICON_NAME = AppIcon;
				ASSETCATALOG_COMPILER_GLOBAL_ACCENT_COLOR_NAME = AccentColor;
				CODE_SIGN_STYLE = Automatic;
				DEVELOPMENT_ASSET_PATHS = "\"CoreDataJSON/Preview Content\"";
				DEVELOPMENT_TEAM = LJF744GC3Q;
				ENABLE_PREVIEWS = YES;
				INFOPLIST_FILE = CoreDataJSON/Info.plist;
				LD_RUNPATH_SEARCH_PATHS = (
					"$(inherited)",
					"@executable_path/Frameworks",
				);
				PRODUCT_BUNDLE_IDENTIFIER = com.example.CoreDataJSON;
				PRODUCT_NAME = "$(TARGET_NAME)";
				SWIFT_VERSION = 5.0;
				TARGETED_DEVICE_FAMILY = "1,2";
			};
			name = Debug;
		};
		939E5E68251327A600C70FE7 /* Release */ = {
			isa = XCBuildConfiguration;
			buildSettings = {
				ASSETCATALOG_COMPILER_APPICON_NAME = AppIcon;
				ASSETCATALOG_COMPILER_GLOBAL_ACCENT_COLOR_NAME = AccentColor;
				CODE_SIGN_STYLE = Automatic;
				DEVELOPMENT_ASSET_PATHS = "\"CoreDataJSON/Preview Content\"";
				DEVELOPMENT_TEAM = LJF744GC3Q;
				ENABLE_PREVIEWS = YES;
				INFOPLIST_FILE = CoreDataJSON/Info.plist;
				LD_RUNPATH_SEARCH_PATHS = (
					"$(inherited)",
					"@executable_path/Frameworks",
				);
				PRODUCT_BUNDLE_IDENTIFIER = com.example.CoreDataJSON;
				PRODUCT_NAME = "$(TARGET_NAME)";
				SWIFT_VERSION = 5.0;
				TARGETED_DEVICE_FAMILY = "1,2";
			};
			name = Release;
		};
		939E5E6A251327A600C70FE7 /* Debug */ = {
			isa = XCBuildConfiguration;
			buildSettings = {
				ALWAYS_EMBED_SWIFT_STANDARD_LIBRARIES = YES;
				BUNDLE_LOADER = "$(TEST_HOST)";
				CODE_SIGN_STYLE = Automatic;
				DEVELOPMENT_TEAM = LJF744GC3Q;
				INFOPLIST_FILE = CoreDataJSONTests/Info.plist;
				IPHONEOS_DEPLOYMENT_TARGET = 14.0;
				LD_RUNPATH_SEARCH_PATHS = (
					"$(inherited)",
					"@executable_path/Frameworks",
					"@loader_path/Frameworks",
				);
				PRODUCT_BUNDLE_IDENTIFIER = com.example.CoreDataJSONTests;
				PRODUCT_NAME = "$(TARGET_NAME)";
				SWIFT_VERSION = 5.0;
				TARGETED_DEVICE_FAMILY = "1,2";
				TEST_HOST = "$(BUILT_PRODUCTS_DIR)/CoreDataJSON.app/CoreDataJSON";
			};
			name = Debug;
		};
		939E5E6B251327A600C70FE7 /* Release */ = {
			isa = XCBuildConfiguration;
			buildSettings = {
				ALWAYS_EMBED_SWIFT_STANDARD_LIBRARIES = YES;
				BUNDLE_LOADER = "$(TEST_HOST)";
				CODE_SIGN_STYLE = Automatic;
				DEVELOPMENT_TEAM = LJF744GC3Q;
				INFOPLIST_FILE = CoreDataJSONTests/Info.plist;
				IPHONEOS_DEPLOYMENT_TARGET = 14.0;
				LD_RUNPATH_SEARCH_PATHS = (
					"$(inherited)",
					"@executable_path/Frameworks",
					"@loader_path/Frameworks",
				);
				PRODUCT_BUNDLE_IDENTIFIER = com.example.CoreDataJSONTests;
				PRODUCT_NAME = "$(TARGET_NAME)";
				SWIFT_VERSION = 5.0;
				TARGETED_DEVICE_FAMILY = "1,2";
				TEST_HOST = "$(BUILT_PRODUCTS_DIR)/CoreDataJSON.app/CoreDataJSON";
			};
			name = Release;
		};
		939E5E6D251327A600C70FE7 /* Debug */ = {
			isa = XCBuildConfiguration;
			buildSettings = {
				ALWAYS_EMBED_SWIFT_STANDARD_LIBRARIES = YES;
				CODE_SIGN_STYLE = Automatic;
				DEVELOPMENT_TEAM = LJF744GC3Q;
				INFOPLIST_FILE = CoreDataJSONUITests/Info.plist;
				LD_RUNPATH_SEARCH_PATHS = (
					"$(inherited)",
					"@executable_path/Frameworks",
					"@loader_path/Frameworks",
				);
				PRODUCT_BUNDLE_IDENTIFIER = com.example.CoreDataJSONUITests;
				PRODUCT_NAME = "$(TARGET_NAME)";
				SWIFT_VERSION = 5.0;
				TARGETED_DEVICE_FAMILY = "1,2";
				TEST_TARGET_NAME = CoreDataJSON;
			};
			name = Debug;
		};
		939E5E6E251327A600C70FE7 /* Release */ = {
			isa = XCBuildConfiguration;
			buildSettings = {
				ALWAYS_EMBED_SWIFT_STANDARD_LIBRARIES = YES;
				CODE_SIGN_STYLE = Automatic;
				DEVELOPMENT_TEAM = LJF744GC3Q;
				INFOPLIST_FILE = CoreDataJSONUITests/Info.plist;
				LD_RUNPATH_SEARCH_PATHS = (
					"$(inherited)",
					"@executable_path/Frameworks",
					"@loader_path/Frameworks",
				);
				PRODUCT_BUNDLE_IDENTIFIER = com.example.CoreDataJSONUITests;
				PRODUCT_NAME = "$(TARGET_NAME)";
				SWIFT_VERSION = 5.0;
				TARGETED_DEVICE_FAMILY = "1,2";
				TEST_TARGET_NAME = CoreDataJSON;
			};
			name = Release;
		};
/* End XCBuildConfiguration section */

/* Begin XCConfigurationList section */
		939E5E34251327A300C70FE7 /* Build configuration list for PBXProject "CoreDataJSON" */ = {
			isa = XCConfigurationList;
			buildConfigurations = (
				939E5E64251327A600C70FE7 /* Debug */,
				939E5E65251327A600C70FE7 /* Release */,
			);
			defaultConfigurationIsVisible = 0;
			defaultConfigurationName = Release;
		};
		939E5E66251327A600C70FE7 /* Build configuration list for PBXNativeTarget "CoreDataJSON" */ = {
			isa = XCConfigurationList;
			buildConfigurations = (
				939E5E67251327A600C70FE7 /* Debug */,
				939E5E68251327A600C70FE7 /* Release */,
			);
			defaultConfigurationIsVisible = 0;
			defaultConfigurationName = Release;
		};
		939E5E69251327A600C70FE7 /* Build configuration list for PBXNativeTarget "CoreDataJSONTests" */ = {
			isa = XCConfigurationList;
			buildConfigurations = (
				939E5E6A251327A600C70FE7 /* Debug */,
				939E5E6B251327A600C70FE7 /* Release */,
			);
			defaultConfigurationIsVisible = 0;
			defaultConfigurationName = Release;
		};
		939E5E6C251327A600C70FE7 /* Build configuration list for PBXNativeTarget "CoreDataJSONUITests" */ = {
			isa = XCConfigurationList;
			buildConfigurations = (
				939E5E6D251327A600C70FE7 /* Debug */,
				939E5E6E251327A600C70FE7 /* Release */,
			);
			defaultConfigurationIsVisible = 0;
			defaultConfigurationName = Release;
		};
/* End XCConfigurationList section */

/* Begin XCVersionGroup section */
		939E5E40251327A300C70FE7 /* CoreDataJSON.xcdatamodeld */ = {
			isa = XCVersionGroup;
			children = (
				939E5E41251327A300C70FE7 /* CoreDataJSON.xcdatamodel */,
			);
			currentVersion = 939E5E41251327A300C70FE7 /* CoreDataJSON.xcdatamodel */;
			path = CoreDataJSON.xcdatamodeld;
			sourceTree = "<group>";
			versionGroupType = wrapper.xcdatamodel;
		};
/* End XCVersionGroup section */
	};
	rootObject = 939E5E31251327A300C70FE7 /* Project object */;
}
