{
  "object": {
    "pins": [
      {
        "package": "OrderedDictionary",
        "repositoryURL": "https://github.com/lukaskubanek/OrderedDictionary.git",
        "state": {
          "branch": null,
          "revision": "9adcc6f84c470bd80a29e16887c0f94fea2a783d",
          "version": "3.0.1"
        }
      }
    ]
  },
  "version": 1
}
